// !$*UTF8*$!
{
	archiveVersion = 1;
	classes = {
	};
	objectVersion = 46;
	objects = {

/* Begin PBXBuildFile section */
		F24FC8D5185208D2004D5F8B /* AddLive.framework in Frameworks */ = {isa = PBXBuildFile; fileRef = F24FC8D4185208D2004D5F8B /* AddLive.framework */; };
		F24FC8D6185208D2004D5F8B /* AddLive.framework in Frameworks */ = {isa = PBXBuildFile; fileRef = F24FC8D4185208D2004D5F8B /* AddLive.framework */; };
		F24FC8D7185208D2004D5F8B /* AddLive.framework in Frameworks */ = {isa = PBXBuildFile; fileRef = F24FC8D4185208D2004D5F8B /* AddLive.framework */; };
		F24FC8D8185208D2004D5F8B /* AddLive.framework in Frameworks */ = {isa = PBXBuildFile; fileRef = F24FC8D4185208D2004D5F8B /* AddLive.framework */; };
		F24FC8D9185208D2004D5F8B /* AddLive.framework in Frameworks */ = {isa = PBXBuildFile; fileRef = F24FC8D4185208D2004D5F8B /* AddLive.framework */; };
		F24FC8DA185208D2004D5F8B /* AddLive.framework in Frameworks */ = {isa = PBXBuildFile; fileRef = F24FC8D4185208D2004D5F8B /* AddLive.framework */; };
		F24FC8DB185208D2004D5F8B /* AddLive.framework in Frameworks */ = {isa = PBXBuildFile; fileRef = F24FC8D4185208D2004D5F8B /* AddLive.framework */; };
		F24FC8DC185208D2004D5F8B /* AddLive.framework in Frameworks */ = {isa = PBXBuildFile; fileRef = F24FC8D4185208D2004D5F8B /* AddLive.framework */; };
		F24FC8DE18520A3B004D5F8B /* Security.framework in Frameworks */ = {isa = PBXBuildFile; fileRef = F24FC8DD18520A3B004D5F8B /* Security.framework */; };
		F278DE561842D5D900FAE456 /* Cocoa.framework in Frameworks */ = {isa = PBXBuildFile; fileRef = F282F92218415C0300D53D96 /* Cocoa.framework */; };
		F278DE5C1842D5D900FAE456 /* InfoPlist.strings in Resources */ = {isa = PBXBuildFile; fileRef = F278DE5A1842D5D900FAE456 /* InfoPlist.strings */; };
		F278DE5E1842D5D900FAE456 /* main.m in Sources */ = {isa = PBXBuildFile; fileRef = F278DE5D1842D5D900FAE456 /* main.m */; };
		F278DE621842D5D900FAE456 /* Credits.rtf in Resources */ = {isa = PBXBuildFile; fileRef = F278DE601842D5D900FAE456 /* Credits.rtf */; };
		F278DE651842D5D900FAE456 /* ALAppDelegate.m in Sources */ = {isa = PBXBuildFile; fileRef = F278DE641842D5D900FAE456 /* ALAppDelegate.m */; };
		F278DE681842D5D900FAE456 /* MainMenu.xib in Resources */ = {isa = PBXBuildFile; fileRef = F278DE661842D5D900FAE456 /* MainMenu.xib */; };
		F278DE6A1842D5D900FAE456 /* Images.xcassets in Resources */ = {isa = PBXBuildFile; fileRef = F278DE691842D5D900FAE456 /* Images.xcassets */; };
		F278DE831842D67B00FAE456 /* OpenGL.framework in Frameworks */ = {isa = PBXBuildFile; fileRef = F282F91F18415C0300D53D96 /* OpenGL.framework */; };
		F278DE841842D67B00FAE456 /* AudioToolbox.framework in Frameworks */ = {isa = PBXBuildFile; fileRef = F282F92018415C0300D53D96 /* AudioToolbox.framework */; };
		F278DE851842D67B00FAE456 /* IOKit.framework in Frameworks */ = {isa = PBXBuildFile; fileRef = F282F92118415C0300D53D96 /* IOKit.framework */; };
		F278DE861842D67C00FAE456 /* QuartzCore.framework in Frameworks */ = {isa = PBXBuildFile; fileRef = F282F92318415C0300D53D96 /* QuartzCore.framework */; };
		F278DE871842D67C00FAE456 /* ApplicationServices.framework in Frameworks */ = {isa = PBXBuildFile; fileRef = F282F92418415C0300D53D96 /* ApplicationServices.framework */; };
		F278DE881842D67C00FAE456 /* QTKit.framework in Frameworks */ = {isa = PBXBuildFile; fileRef = F282F92518415C0300D53D96 /* QTKit.framework */; };
		F278DE891842D67C00FAE456 /* CoreServices.framework in Frameworks */ = {isa = PBXBuildFile; fileRef = F282F92618415C0300D53D96 /* CoreServices.framework */; };
		F278DE8A1842D67C00FAE456 /* CoreAudio.framework in Frameworks */ = {isa = PBXBuildFile; fileRef = F282F92718415C0300D53D96 /* CoreAudio.framework */; };
		F278DE8B1842D67C00FAE456 /* libstdc++.6.0.9.dylib in Frameworks */ = {isa = PBXBuildFile; fileRef = F282F92818415C0300D53D96 /* libstdc++.6.0.9.dylib */; };
		F278DE8D1842E2E300FAE456 /* test.wav in Resources */ = {isa = PBXBuildFile; fileRef = F278DE8C1842E2E300FAE456 /* test.wav */; };
		F278DE931843AA8500FAE456 /* Cocoa.framework in Frameworks */ = {isa = PBXBuildFile; fileRef = F282F92218415C0300D53D96 /* Cocoa.framework */; };
		F278DE991843AA8500FAE456 /* InfoPlist.strings in Resources */ = {isa = PBXBuildFile; fileRef = F278DE971843AA8500FAE456 /* InfoPlist.strings */; };
		F278DE9B1843AA8500FAE456 /* main.m in Sources */ = {isa = PBXBuildFile; fileRef = F278DE9A1843AA8500FAE456 /* main.m */; };
		F278DE9F1843AA8500FAE456 /* Credits.rtf in Resources */ = {isa = PBXBuildFile; fileRef = F278DE9D1843AA8500FAE456 /* Credits.rtf */; };
		F278DEA21843AA8500FAE456 /* ALAppDelegate.m in Sources */ = {isa = PBXBuildFile; fileRef = F278DEA11843AA8500FAE456 /* ALAppDelegate.m */; };
		F278DEA51843AA8500FAE456 /* MainMenu.xib in Resources */ = {isa = PBXBuildFile; fileRef = F278DEA31843AA8500FAE456 /* MainMenu.xib */; };
		F278DEA71843AA8500FAE456 /* Images.xcassets in Resources */ = {isa = PBXBuildFile; fileRef = F278DEA61843AA8500FAE456 /* Images.xcassets */; };
		F278DEC01843AAC700FAE456 /* OpenGL.framework in Frameworks */ = {isa = PBXBuildFile; fileRef = F282F91F18415C0300D53D96 /* OpenGL.framework */; };
		F278DEC11843AAC700FAE456 /* AudioToolbox.framework in Frameworks */ = {isa = PBXBuildFile; fileRef = F282F92018415C0300D53D96 /* AudioToolbox.framework */; };
		F278DEC21843AAC700FAE456 /* IOKit.framework in Frameworks */ = {isa = PBXBuildFile; fileRef = F282F92118415C0300D53D96 /* IOKit.framework */; };
		F278DEC31843AAC700FAE456 /* QuartzCore.framework in Frameworks */ = {isa = PBXBuildFile; fileRef = F282F92318415C0300D53D96 /* QuartzCore.framework */; };
		F278DEC41843AAC700FAE456 /* ApplicationServices.framework in Frameworks */ = {isa = PBXBuildFile; fileRef = F282F92418415C0300D53D96 /* ApplicationServices.framework */; };
		F278DEC51843AAC700FAE456 /* QTKit.framework in Frameworks */ = {isa = PBXBuildFile; fileRef = F282F92518415C0300D53D96 /* QTKit.framework */; };
		F278DEC61843AAC700FAE456 /* CoreServices.framework in Frameworks */ = {isa = PBXBuildFile; fileRef = F282F92618415C0300D53D96 /* CoreServices.framework */; };
		F278DEC71843AAC700FAE456 /* CoreAudio.framework in Frameworks */ = {isa = PBXBuildFile; fileRef = F282F92718415C0300D53D96 /* CoreAudio.framework */; };
		F278DEC81843AAC700FAE456 /* libstdc++.6.0.9.dylib in Frameworks */ = {isa = PBXBuildFile; fileRef = F282F92818415C0300D53D96 /* libstdc++.6.0.9.dylib */; };
		F278DECE1843DCA300FAE456 /* Cocoa.framework in Frameworks */ = {isa = PBXBuildFile; fileRef = F282F92218415C0300D53D96 /* Cocoa.framework */; };
		F278DED41843DCA300FAE456 /* InfoPlist.strings in Resources */ = {isa = PBXBuildFile; fileRef = F278DED21843DCA300FAE456 /* InfoPlist.strings */; };
		F278DED61843DCA300FAE456 /* main.m in Sources */ = {isa = PBXBuildFile; fileRef = F278DED51843DCA300FAE456 /* main.m */; };
		F278DEDA1843DCA300FAE456 /* Credits.rtf in Resources */ = {isa = PBXBuildFile; fileRef = F278DED81843DCA300FAE456 /* Credits.rtf */; };
		F278DEDD1843DCA300FAE456 /* ALAppDelegate.m in Sources */ = {isa = PBXBuildFile; fileRef = F278DEDC1843DCA300FAE456 /* ALAppDelegate.m */; };
		F278DEE01843DCA300FAE456 /* MainMenu.xib in Resources */ = {isa = PBXBuildFile; fileRef = F278DEDE1843DCA300FAE456 /* MainMenu.xib */; };
		F278DEE21843DCA300FAE456 /* Images.xcassets in Resources */ = {isa = PBXBuildFile; fileRef = F278DEE11843DCA300FAE456 /* Images.xcassets */; };
		F278DEFB1843DCB900FAE456 /* OpenGL.framework in Frameworks */ = {isa = PBXBuildFile; fileRef = F282F91F18415C0300D53D96 /* OpenGL.framework */; };
		F278DEFC1843DCB900FAE456 /* AudioToolbox.framework in Frameworks */ = {isa = PBXBuildFile; fileRef = F282F92018415C0300D53D96 /* AudioToolbox.framework */; };
		F278DEFD1843DCB900FAE456 /* IOKit.framework in Frameworks */ = {isa = PBXBuildFile; fileRef = F282F92118415C0300D53D96 /* IOKit.framework */; };
		F278DEFE1843DCB900FAE456 /* QuartzCore.framework in Frameworks */ = {isa = PBXBuildFile; fileRef = F282F92318415C0300D53D96 /* QuartzCore.framework */; };
		F278DEFF1843DCB900FAE456 /* ApplicationServices.framework in Frameworks */ = {isa = PBXBuildFile; fileRef = F282F92418415C0300D53D96 /* ApplicationServices.framework */; };
		F278DF001843DCB900FAE456 /* QTKit.framework in Frameworks */ = {isa = PBXBuildFile; fileRef = F282F92518415C0300D53D96 /* QTKit.framework */; };
		F278DF011843DCB900FAE456 /* CoreServices.framework in Frameworks */ = {isa = PBXBuildFile; fileRef = F282F92618415C0300D53D96 /* CoreServices.framework */; };
		F278DF021843DCB900FAE456 /* CoreAudio.framework in Frameworks */ = {isa = PBXBuildFile; fileRef = F282F92718415C0300D53D96 /* CoreAudio.framework */; };
		F278DF031843DCB900FAE456 /* libstdc++.6.0.9.dylib in Frameworks */ = {isa = PBXBuildFile; fileRef = F282F92818415C0300D53D96 /* libstdc++.6.0.9.dylib */; };
		F278DF091844157300FAE456 /* Cocoa.framework in Frameworks */ = {isa = PBXBuildFile; fileRef = F282F92218415C0300D53D96 /* Cocoa.framework */; };
		F278DF0F1844157300FAE456 /* InfoPlist.strings in Resources */ = {isa = PBXBuildFile; fileRef = F278DF0D1844157300FAE456 /* InfoPlist.strings */; };
		F278DF111844157300FAE456 /* main.m in Sources */ = {isa = PBXBuildFile; fileRef = F278DF101844157300FAE456 /* main.m */; };
		F278DF151844157300FAE456 /* Credits.rtf in Resources */ = {isa = PBXBuildFile; fileRef = F278DF131844157300FAE456 /* Credits.rtf */; };
		F278DF181844157300FAE456 /* ALAppDelegate.m in Sources */ = {isa = PBXBuildFile; fileRef = F278DF171844157300FAE456 /* ALAppDelegate.m */; };
		F278DF1B1844157300FAE456 /* MainMenu.xib in Resources */ = {isa = PBXBuildFile; fileRef = F278DF191844157300FAE456 /* MainMenu.xib */; };
		F278DF1D1844157300FAE456 /* Images.xcassets in Resources */ = {isa = PBXBuildFile; fileRef = F278DF1C1844157300FAE456 /* Images.xcassets */; };
		F278DF361844158B00FAE456 /* OpenGL.framework in Frameworks */ = {isa = PBXBuildFile; fileRef = F282F91F18415C0300D53D96 /* OpenGL.framework */; };
		F278DF371844158B00FAE456 /* AudioToolbox.framework in Frameworks */ = {isa = PBXBuildFile; fileRef = F282F92018415C0300D53D96 /* AudioToolbox.framework */; };
		F278DF381844158B00FAE456 /* IOKit.framework in Frameworks */ = {isa = PBXBuildFile; fileRef = F282F92118415C0300D53D96 /* IOKit.framework */; };
		F278DF391844158B00FAE456 /* QuartzCore.framework in Frameworks */ = {isa = PBXBuildFile; fileRef = F282F92318415C0300D53D96 /* QuartzCore.framework */; };
		F278DF3A1844158B00FAE456 /* ApplicationServices.framework in Frameworks */ = {isa = PBXBuildFile; fileRef = F282F92418415C0300D53D96 /* ApplicationServices.framework */; };
		F278DF3B1844158B00FAE456 /* QTKit.framework in Frameworks */ = {isa = PBXBuildFile; fileRef = F282F92518415C0300D53D96 /* QTKit.framework */; };
		F278DF3C1844158B00FAE456 /* CoreServices.framework in Frameworks */ = {isa = PBXBuildFile; fileRef = F282F92618415C0300D53D96 /* CoreServices.framework */; };
		F278DF3D1844158B00FAE456 /* CoreAudio.framework in Frameworks */ = {isa = PBXBuildFile; fileRef = F282F92718415C0300D53D96 /* CoreAudio.framework */; };
		F278DF3E1844158B00FAE456 /* libstdc++.6.0.9.dylib in Frameworks */ = {isa = PBXBuildFile; fileRef = F282F92818415C0300D53D96 /* libstdc++.6.0.9.dylib */; };
		F282F8EC18415B9E00D53D96 /* Cocoa.framework in Frameworks */ = {isa = PBXBuildFile; fileRef = F282F8EB18415B9E00D53D96 /* Cocoa.framework */; };
		F282F92A18415C0300D53D96 /* OpenGL.framework in Frameworks */ = {isa = PBXBuildFile; fileRef = F282F91F18415C0300D53D96 /* OpenGL.framework */; };
		F282F92B18415C0300D53D96 /* AudioToolbox.framework in Frameworks */ = {isa = PBXBuildFile; fileRef = F282F92018415C0300D53D96 /* AudioToolbox.framework */; };
		F282F92C18415C0300D53D96 /* IOKit.framework in Frameworks */ = {isa = PBXBuildFile; fileRef = F282F92118415C0300D53D96 /* IOKit.framework */; };
		F282F92D18415C0300D53D96 /* Cocoa.framework in Frameworks */ = {isa = PBXBuildFile; fileRef = F282F92218415C0300D53D96 /* Cocoa.framework */; };
		F282F92E18415C0300D53D96 /* QuartzCore.framework in Frameworks */ = {isa = PBXBuildFile; fileRef = F282F92318415C0300D53D96 /* QuartzCore.framework */; };
		F282F92F18415C0300D53D96 /* ApplicationServices.framework in Frameworks */ = {isa = PBXBuildFile; fileRef = F282F92418415C0300D53D96 /* ApplicationServices.framework */; };
		F282F93018415C0300D53D96 /* QTKit.framework in Frameworks */ = {isa = PBXBuildFile; fileRef = F282F92518415C0300D53D96 /* QTKit.framework */; };
		F282F93118415C0300D53D96 /* CoreServices.framework in Frameworks */ = {isa = PBXBuildFile; fileRef = F282F92618415C0300D53D96 /* CoreServices.framework */; };
		F282F93218415C0300D53D96 /* CoreAudio.framework in Frameworks */ = {isa = PBXBuildFile; fileRef = F282F92718415C0300D53D96 /* CoreAudio.framework */; };
		F282F93318415C0300D53D96 /* libstdc++.6.0.9.dylib in Frameworks */ = {isa = PBXBuildFile; fileRef = F282F92818415C0300D53D96 /* libstdc++.6.0.9.dylib */; };
		F282F9961841665A00D53D96 /* ALAppDelegate.m in Sources */ = {isa = PBXBuildFile; fileRef = F282F9931841665A00D53D96 /* ALAppDelegate.m */; };
		F282F9971841665A00D53D96 /* Images.xcassets in Resources */ = {isa = PBXBuildFile; fileRef = F282F9951841665A00D53D96 /* Images.xcassets */; };
		F282F99C1841666700D53D96 /* main.m in Sources */ = {isa = PBXBuildFile; fileRef = F282F99A1841666700D53D96 /* main.m */; };
		F282F9A11841671700D53D96 /* MainMenu.xib in Resources */ = {isa = PBXBuildFile; fileRef = F282F99D1841667000D53D96 /* MainMenu.xib */; };
		F282F9A41841677C00D53D96 /* Tutorial1.plist in Resources */ = {isa = PBXBuildFile; fileRef = F282F9A21841677C00D53D96 /* Tutorial1.plist */; };
		F282F9B9184169CB00D53D96 /* Cocoa.framework in Frameworks */ = {isa = PBXBuildFile; fileRef = F282F92218415C0300D53D96 /* Cocoa.framework */; };
		F282F9BF184169CB00D53D96 /* InfoPlist.strings in Resources */ = {isa = PBXBuildFile; fileRef = F282F9BD184169CB00D53D96 /* InfoPlist.strings */; };
		F282F9C1184169CB00D53D96 /* main.m in Sources */ = {isa = PBXBuildFile; fileRef = F282F9C0184169CB00D53D96 /* main.m */; };
		F282F9C5184169CB00D53D96 /* Credits.rtf in Resources */ = {isa = PBXBuildFile; fileRef = F282F9C3184169CB00D53D96 /* Credits.rtf */; };
		F282F9C8184169CB00D53D96 /* ALAppDelegate.m in Sources */ = {isa = PBXBuildFile; fileRef = F282F9C7184169CB00D53D96 /* ALAppDelegate.m */; };
		F282F9CB184169CB00D53D96 /* MainMenu.xib in Resources */ = {isa = PBXBuildFile; fileRef = F282F9C9184169CB00D53D96 /* MainMenu.xib */; };
		F282F9CD184169CB00D53D96 /* Images.xcassets in Resources */ = {isa = PBXBuildFile; fileRef = F282F9CC184169CB00D53D96 /* Images.xcassets */; };
		F282F9F018416C8E00D53D96 /* OpenGL.framework in Frameworks */ = {isa = PBXBuildFile; fileRef = F282F91F18415C0300D53D96 /* OpenGL.framework */; };
		F282F9F118416C8E00D53D96 /* AudioToolbox.framework in Frameworks */ = {isa = PBXBuildFile; fileRef = F282F92018415C0300D53D96 /* AudioToolbox.framework */; };
		F282F9F218416C8E00D53D96 /* IOKit.framework in Frameworks */ = {isa = PBXBuildFile; fileRef = F282F92118415C0300D53D96 /* IOKit.framework */; };
		F282F9F318416C8E00D53D96 /* QuartzCore.framework in Frameworks */ = {isa = PBXBuildFile; fileRef = F282F92318415C0300D53D96 /* QuartzCore.framework */; };
		F282F9F418416C8E00D53D96 /* ApplicationServices.framework in Frameworks */ = {isa = PBXBuildFile; fileRef = F282F92418415C0300D53D96 /* ApplicationServices.framework */; };
		F282F9F518416C8E00D53D96 /* QTKit.framework in Frameworks */ = {isa = PBXBuildFile; fileRef = F282F92518415C0300D53D96 /* QTKit.framework */; };
		F282F9F618416C8E00D53D96 /* CoreServices.framework in Frameworks */ = {isa = PBXBuildFile; fileRef = F282F92618415C0300D53D96 /* CoreServices.framework */; };
		F282F9F718416C8E00D53D96 /* CoreAudio.framework in Frameworks */ = {isa = PBXBuildFile; fileRef = F282F92718415C0300D53D96 /* CoreAudio.framework */; };
		F282F9F818416C8E00D53D96 /* libstdc++.6.0.9.dylib in Frameworks */ = {isa = PBXBuildFile; fileRef = F282F92818415C0300D53D96 /* libstdc++.6.0.9.dylib */; };
		F282F9FE18417AD400D53D96 /* Cocoa.framework in Frameworks */ = {isa = PBXBuildFile; fileRef = F282F92218415C0300D53D96 /* Cocoa.framework */; };
		F282FA0418417AD400D53D96 /* InfoPlist.strings in Resources */ = {isa = PBXBuildFile; fileRef = F282FA0218417AD400D53D96 /* InfoPlist.strings */; };
		F282FA0618417AD400D53D96 /* main.m in Sources */ = {isa = PBXBuildFile; fileRef = F282FA0518417AD400D53D96 /* main.m */; };
		F282FA0A18417AD400D53D96 /* Credits.rtf in Resources */ = {isa = PBXBuildFile; fileRef = F282FA0818417AD400D53D96 /* Credits.rtf */; };
		F282FA0D18417AD400D53D96 /* ALAppDelegate.m in Sources */ = {isa = PBXBuildFile; fileRef = F282FA0C18417AD400D53D96 /* ALAppDelegate.m */; };
		F282FA1018417AD400D53D96 /* MainMenu.xib in Resources */ = {isa = PBXBuildFile; fileRef = F282FA0E18417AD400D53D96 /* MainMenu.xib */; };
		F282FA1218417AD400D53D96 /* Images.xcassets in Resources */ = {isa = PBXBuildFile; fileRef = F282FA1118417AD400D53D96 /* Images.xcassets */; };
		F282FA2B18417B3500D53D96 /* OpenGL.framework in Frameworks */ = {isa = PBXBuildFile; fileRef = F282F91F18415C0300D53D96 /* OpenGL.framework */; };
		F282FA2C18417B3500D53D96 /* AudioToolbox.framework in Frameworks */ = {isa = PBXBuildFile; fileRef = F282F92018415C0300D53D96 /* AudioToolbox.framework */; };
		F282FA2D18417B3500D53D96 /* IOKit.framework in Frameworks */ = {isa = PBXBuildFile; fileRef = F282F92118415C0300D53D96 /* IOKit.framework */; };
		F282FA2E18417B3500D53D96 /* QuartzCore.framework in Frameworks */ = {isa = PBXBuildFile; fileRef = F282F92318415C0300D53D96 /* QuartzCore.framework */; };
		F282FA2F18417B3500D53D96 /* ApplicationServices.framework in Frameworks */ = {isa = PBXBuildFile; fileRef = F282F92418415C0300D53D96 /* ApplicationServices.framework */; };
		F282FA3018417B3500D53D96 /* QTKit.framework in Frameworks */ = {isa = PBXBuildFile; fileRef = F282F92518415C0300D53D96 /* QTKit.framework */; };
		F282FA3118417B3500D53D96 /* CoreServices.framework in Frameworks */ = {isa = PBXBuildFile; fileRef = F282F92618415C0300D53D96 /* CoreServices.framework */; };
		F282FA3218417B3500D53D96 /* CoreAudio.framework in Frameworks */ = {isa = PBXBuildFile; fileRef = F282F92718415C0300D53D96 /* CoreAudio.framework */; };
		F282FA3318417B3500D53D96 /* libstdc++.6.0.9.dylib in Frameworks */ = {isa = PBXBuildFile; fileRef = F282F92818415C0300D53D96 /* libstdc++.6.0.9.dylib */; };
		F282FA391841806200D53D96 /* Cocoa.framework in Frameworks */ = {isa = PBXBuildFile; fileRef = F282F92218415C0300D53D96 /* Cocoa.framework */; };
		F282FA3F1841806200D53D96 /* InfoPlist.strings in Resources */ = {isa = PBXBuildFile; fileRef = F282FA3D1841806200D53D96 /* InfoPlist.strings */; };
		F282FA411841806200D53D96 /* main.m in Sources */ = {isa = PBXBuildFile; fileRef = F282FA401841806200D53D96 /* main.m */; };
		F282FA451841806200D53D96 /* Credits.rtf in Resources */ = {isa = PBXBuildFile; fileRef = F282FA431841806200D53D96 /* Credits.rtf */; };
		F282FA481841806200D53D96 /* ALAppDelegate.m in Sources */ = {isa = PBXBuildFile; fileRef = F282FA471841806200D53D96 /* ALAppDelegate.m */; };
		F282FA4B1841806200D53D96 /* MainMenu.xib in Resources */ = {isa = PBXBuildFile; fileRef = F282FA491841806200D53D96 /* MainMenu.xib */; };
		F282FA4D1841806200D53D96 /* Images.xcassets in Resources */ = {isa = PBXBuildFile; fileRef = F282FA4C1841806200D53D96 /* Images.xcassets */; };
		F2AD89AA185B0B020014ADD2 /* Security.framework in Frameworks */ = {isa = PBXBuildFile; fileRef = F24FC8DD18520A3B004D5F8B /* Security.framework */; };
		F2AD89AB185B0B090014ADD2 /* Security.framework in Frameworks */ = {isa = PBXBuildFile; fileRef = F24FC8DD18520A3B004D5F8B /* Security.framework */; };
		F2AD89AC185B0B100014ADD2 /* Security.framework in Frameworks */ = {isa = PBXBuildFile; fileRef = F24FC8DD18520A3B004D5F8B /* Security.framework */; };
		F2AD89AD185B0B1A0014ADD2 /* Security.framework in Frameworks */ = {isa = PBXBuildFile; fileRef = F24FC8DD18520A3B004D5F8B /* Security.framework */; };
		F2AD89AE185B0B220014ADD2 /* Security.framework in Frameworks */ = {isa = PBXBuildFile; fileRef = F24FC8DD18520A3B004D5F8B /* Security.framework */; };
		F2AD89AF185B0B2F0014ADD2 /* Security.framework in Frameworks */ = {isa = PBXBuildFile; fileRef = F24FC8DD18520A3B004D5F8B /* Security.framework */; };
		F2AD89B0185B0B370014ADD2 /* Security.framework in Frameworks */ = {isa = PBXBuildFile; fileRef = F24FC8DD18520A3B004D5F8B /* Security.framework */; };
		F2F9EFFC184196E50057AA14 /* OpenGL.framework in Frameworks */ = {isa = PBXBuildFile; fileRef = F282F91F18415C0300D53D96 /* OpenGL.framework */; };
		F2F9EFFD184196E50057AA14 /* AudioToolbox.framework in Frameworks */ = {isa = PBXBuildFile; fileRef = F282F92018415C0300D53D96 /* AudioToolbox.framework */; };
		F2F9EFFE184196E50057AA14 /* IOKit.framework in Frameworks */ = {isa = PBXBuildFile; fileRef = F282F92118415C0300D53D96 /* IOKit.framework */; };
		F2F9EFFF184196E50057AA14 /* QuartzCore.framework in Frameworks */ = {isa = PBXBuildFile; fileRef = F282F92318415C0300D53D96 /* QuartzCore.framework */; };
		F2F9F000184196E50057AA14 /* ApplicationServices.framework in Frameworks */ = {isa = PBXBuildFile; fileRef = F282F92418415C0300D53D96 /* ApplicationServices.framework */; };
		F2F9F001184196E50057AA14 /* QTKit.framework in Frameworks */ = {isa = PBXBuildFile; fileRef = F282F92518415C0300D53D96 /* QTKit.framework */; };
		F2F9F002184196E50057AA14 /* CoreServices.framework in Frameworks */ = {isa = PBXBuildFile; fileRef = F282F92618415C0300D53D96 /* CoreServices.framework */; };
		F2F9F003184196E50057AA14 /* CoreAudio.framework in Frameworks */ = {isa = PBXBuildFile; fileRef = F282F92718415C0300D53D96 /* CoreAudio.framework */; };
		F2F9F004184196E50057AA14 /* libstdc++.6.0.9.dylib in Frameworks */ = {isa = PBXBuildFile; fileRef = F282F92818415C0300D53D96 /* libstdc++.6.0.9.dylib */; };
/* End PBXBuildFile section */

/* Begin PBXFileReference section */
		F24FC8D4185208D2004D5F8B /* AddLive.framework */ = {isa = PBXFileReference; lastKnownFileType = wrapper.framework; path = AddLive.framework; sourceTree = "<group>"; };
		F24FC8DD18520A3B004D5F8B /* Security.framework */ = {isa = PBXFileReference; lastKnownFileType = wrapper.framework; name = Security.framework; path = System/Library/Frameworks/Security.framework; sourceTree = SDKROOT; };
		F278DE551842D5D800FAE456 /* Tutorial5.app */ = {isa = PBXFileReference; explicitFileType = wrapper.application; includeInIndex = 0; path = Tutorial5.app; sourceTree = BUILT_PRODUCTS_DIR; };
		F278DE591842D5D900FAE456 /* Tutorial5-Info.plist */ = {isa = PBXFileReference; lastKnownFileType = text.plist.xml; path = "Tutorial5-Info.plist"; sourceTree = "<group>"; };
		F278DE5B1842D5D900FAE456 /* en */ = {isa = PBXFileReference; lastKnownFileType = text.plist.strings; name = en; path = en.lproj/InfoPlist.strings; sourceTree = "<group>"; };
		F278DE5D1842D5D900FAE456 /* main.m */ = {isa = PBXFileReference; lastKnownFileType = sourcecode.c.objc; path = main.m; sourceTree = "<group>"; };
		F278DE5F1842D5D900FAE456 /* Tutorial5-Prefix.pch */ = {isa = PBXFileReference; lastKnownFileType = sourcecode.c.h; path = "Tutorial5-Prefix.pch"; sourceTree = "<group>"; };
		F278DE611842D5D900FAE456 /* en */ = {isa = PBXFileReference; lastKnownFileType = text.rtf; name = en; path = en.lproj/Credits.rtf; sourceTree = "<group>"; };
		F278DE631842D5D900FAE456 /* ALAppDelegate.h */ = {isa = PBXFileReference; lastKnownFileType = sourcecode.c.h; path = ALAppDelegate.h; sourceTree = "<group>"; };
		F278DE641842D5D900FAE456 /* ALAppDelegate.m */ = {isa = PBXFileReference; lastKnownFileType = sourcecode.c.objc; path = ALAppDelegate.m; sourceTree = "<group>"; };
		F278DE671842D5D900FAE456 /* Base */ = {isa = PBXFileReference; lastKnownFileType = file.xib; name = Base; path = Base.lproj/MainMenu.xib; sourceTree = "<group>"; };
		F278DE691842D5D900FAE456 /* Images.xcassets */ = {isa = PBXFileReference; lastKnownFileType = folder.assetcatalog; path = Images.xcassets; sourceTree = "<group>"; };
		F278DE8C1842E2E300FAE456 /* test.wav */ = {isa = PBXFileReference; lastKnownFileType = audio.wav; name = test.wav; path = ../../../../adl/sources/saymamaplugin/test.wav; sourceTree = "<group>"; };
		F278DE921843AA8500FAE456 /* Tutorial6.app */ = {isa = PBXFileReference; explicitFileType = wrapper.application; includeInIndex = 0; path = Tutorial6.app; sourceTree = BUILT_PRODUCTS_DIR; };
		F278DE961843AA8500FAE456 /* Tutorial6-Info.plist */ = {isa = PBXFileReference; lastKnownFileType = text.plist.xml; path = "Tutorial6-Info.plist"; sourceTree = "<group>"; };
		F278DE981843AA8500FAE456 /* en */ = {isa = PBXFileReference; lastKnownFileType = text.plist.strings; name = en; path = en.lproj/InfoPlist.strings; sourceTree = "<group>"; };
		F278DE9A1843AA8500FAE456 /* main.m */ = {isa = PBXFileReference; lastKnownFileType = sourcecode.c.objc; path = main.m; sourceTree = "<group>"; };
		F278DE9C1843AA8500FAE456 /* Tutorial6-Prefix.pch */ = {isa = PBXFileReference; lastKnownFileType = sourcecode.c.h; path = "Tutorial6-Prefix.pch"; sourceTree = "<group>"; };
		F278DE9E1843AA8500FAE456 /* en */ = {isa = PBXFileReference; lastKnownFileType = text.rtf; name = en; path = en.lproj/Credits.rtf; sourceTree = "<group>"; };
		F278DEA01843AA8500FAE456 /* ALAppDelegate.h */ = {isa = PBXFileReference; lastKnownFileType = sourcecode.c.h; path = ALAppDelegate.h; sourceTree = "<group>"; };
		F278DEA11843AA8500FAE456 /* ALAppDelegate.m */ = {isa = PBXFileReference; lastKnownFileType = sourcecode.c.objc; path = ALAppDelegate.m; sourceTree = "<group>"; };
		F278DEA41843AA8500FAE456 /* Base */ = {isa = PBXFileReference; lastKnownFileType = file.xib; name = Base; path = Base.lproj/MainMenu.xib; sourceTree = "<group>"; };
		F278DEA61843AA8500FAE456 /* Images.xcassets */ = {isa = PBXFileReference; lastKnownFileType = folder.assetcatalog; path = Images.xcassets; sourceTree = "<group>"; };
		F278DECD1843DCA300FAE456 /* Tutorial7.app */ = {isa = PBXFileReference; explicitFileType = wrapper.application; includeInIndex = 0; path = Tutorial7.app; sourceTree = BUILT_PRODUCTS_DIR; };
		F278DED11843DCA300FAE456 /* Tutorial7-Info.plist */ = {isa = PBXFileReference; lastKnownFileType = text.plist.xml; path = "Tutorial7-Info.plist"; sourceTree = "<group>"; };
		F278DED31843DCA300FAE456 /* en */ = {isa = PBXFileReference; lastKnownFileType = text.plist.strings; name = en; path = en.lproj/InfoPlist.strings; sourceTree = "<group>"; };
		F278DED51843DCA300FAE456 /* main.m */ = {isa = PBXFileReference; lastKnownFileType = sourcecode.c.objc; path = main.m; sourceTree = "<group>"; };
		F278DED71843DCA300FAE456 /* Tutorial7-Prefix.pch */ = {isa = PBXFileReference; lastKnownFileType = sourcecode.c.h; path = "Tutorial7-Prefix.pch"; sourceTree = "<group>"; };
		F278DED91843DCA300FAE456 /* en */ = {isa = PBXFileReference; lastKnownFileType = text.rtf; name = en; path = en.lproj/Credits.rtf; sourceTree = "<group>"; };
		F278DEDB1843DCA300FAE456 /* ALAppDelegate.h */ = {isa = PBXFileReference; lastKnownFileType = sourcecode.c.h; path = ALAppDelegate.h; sourceTree = "<group>"; };
		F278DEDC1843DCA300FAE456 /* ALAppDelegate.m */ = {isa = PBXFileReference; lastKnownFileType = sourcecode.c.objc; path = ALAppDelegate.m; sourceTree = "<group>"; };
		F278DEDF1843DCA300FAE456 /* Base */ = {isa = PBXFileReference; lastKnownFileType = file.xib; name = Base; path = Base.lproj/MainMenu.xib; sourceTree = "<group>"; };
		F278DEE11843DCA300FAE456 /* Images.xcassets */ = {isa = PBXFileReference; lastKnownFileType = folder.assetcatalog; path = Images.xcassets; sourceTree = "<group>"; };
		F278DF081844157300FAE456 /* Tutorial8.app */ = {isa = PBXFileReference; explicitFileType = wrapper.application; includeInIndex = 0; path = Tutorial8.app; sourceTree = BUILT_PRODUCTS_DIR; };
		F278DF0C1844157300FAE456 /* Tutorial8-Info.plist */ = {isa = PBXFileReference; lastKnownFileType = text.plist.xml; path = "Tutorial8-Info.plist"; sourceTree = "<group>"; };
		F278DF0E1844157300FAE456 /* en */ = {isa = PBXFileReference; lastKnownFileType = text.plist.strings; name = en; path = en.lproj/InfoPlist.strings; sourceTree = "<group>"; };
		F278DF101844157300FAE456 /* main.m */ = {isa = PBXFileReference; lastKnownFileType = sourcecode.c.objc; path = main.m; sourceTree = "<group>"; };
		F278DF121844157300FAE456 /* Tutorial8-Prefix.pch */ = {isa = PBXFileReference; lastKnownFileType = sourcecode.c.h; path = "Tutorial8-Prefix.pch"; sourceTree = "<group>"; };
		F278DF141844157300FAE456 /* en */ = {isa = PBXFileReference; lastKnownFileType = text.rtf; name = en; path = en.lproj/Credits.rtf; sourceTree = "<group>"; };
		F278DF161844157300FAE456 /* ALAppDelegate.h */ = {isa = PBXFileReference; lastKnownFileType = sourcecode.c.h; path = ALAppDelegate.h; sourceTree = "<group>"; };
		F278DF171844157300FAE456 /* ALAppDelegate.m */ = {isa = PBXFileReference; lastKnownFileType = sourcecode.c.objc; path = ALAppDelegate.m; sourceTree = "<group>"; };
		F278DF1A1844157300FAE456 /* Base */ = {isa = PBXFileReference; lastKnownFileType = file.xib; name = Base; path = Base.lproj/MainMenu.xib; sourceTree = "<group>"; };
		F278DF1C1844157300FAE456 /* Images.xcassets */ = {isa = PBXFileReference; lastKnownFileType = folder.assetcatalog; path = Images.xcassets; sourceTree = "<group>"; };
		F282F8E818415B9E00D53D96 /* Tutorial1.app */ = {isa = PBXFileReference; explicitFileType = wrapper.application; includeInIndex = 0; path = Tutorial1.app; sourceTree = BUILT_PRODUCTS_DIR; };
		F282F8EB18415B9E00D53D96 /* Cocoa.framework */ = {isa = PBXFileReference; lastKnownFileType = wrapper.framework; name = Cocoa.framework; path = System/Library/Frameworks/Cocoa.framework; sourceTree = SDKROOT; };
		F282F8EE18415B9E00D53D96 /* AppKit.framework */ = {isa = PBXFileReference; lastKnownFileType = wrapper.framework; name = AppKit.framework; path = System/Library/Frameworks/AppKit.framework; sourceTree = SDKROOT; };
		F282F8EF18415B9E00D53D96 /* CoreData.framework */ = {isa = PBXFileReference; lastKnownFileType = wrapper.framework; name = CoreData.framework; path = System/Library/Frameworks/CoreData.framework; sourceTree = SDKROOT; };
		F282F8F018415B9E00D53D96 /* Foundation.framework */ = {isa = PBXFileReference; lastKnownFileType = wrapper.framework; name = Foundation.framework; path = System/Library/Frameworks/Foundation.framework; sourceTree = SDKROOT; };
		F282F90A18415B9E00D53D96 /* XCTest.framework */ = {isa = PBXFileReference; lastKnownFileType = wrapper.framework; name = XCTest.framework; path = Library/Frameworks/XCTest.framework; sourceTree = DEVELOPER_DIR; };
		F282F91F18415C0300D53D96 /* OpenGL.framework */ = {isa = PBXFileReference; lastKnownFileType = wrapper.framework; name = OpenGL.framework; path = System/Library/Frameworks/OpenGL.framework; sourceTree = SDKROOT; };
		F282F92018415C0300D53D96 /* AudioToolbox.framework */ = {isa = PBXFileReference; lastKnownFileType = wrapper.framework; name = AudioToolbox.framework; path = System/Library/Frameworks/AudioToolbox.framework; sourceTree = SDKROOT; };
		F282F92118415C0300D53D96 /* IOKit.framework */ = {isa = PBXFileReference; lastKnownFileType = wrapper.framework; name = IOKit.framework; path = System/Library/Frameworks/IOKit.framework; sourceTree = SDKROOT; };
		F282F92218415C0300D53D96 /* Cocoa.framework */ = {isa = PBXFileReference; lastKnownFileType = wrapper.framework; name = Cocoa.framework; path = System/Library/Frameworks/Cocoa.framework; sourceTree = SDKROOT; };
		F282F92318415C0300D53D96 /* QuartzCore.framework */ = {isa = PBXFileReference; lastKnownFileType = wrapper.framework; name = QuartzCore.framework; path = System/Library/Frameworks/QuartzCore.framework; sourceTree = SDKROOT; };
		F282F92418415C0300D53D96 /* ApplicationServices.framework */ = {isa = PBXFileReference; lastKnownFileType = wrapper.framework; name = ApplicationServices.framework; path = System/Library/Frameworks/ApplicationServices.framework; sourceTree = SDKROOT; };
		F282F92518415C0300D53D96 /* QTKit.framework */ = {isa = PBXFileReference; lastKnownFileType = wrapper.framework; name = QTKit.framework; path = System/Library/Frameworks/QTKit.framework; sourceTree = SDKROOT; };
		F282F92618415C0300D53D96 /* CoreServices.framework */ = {isa = PBXFileReference; lastKnownFileType = wrapper.framework; name = CoreServices.framework; path = System/Library/Frameworks/CoreServices.framework; sourceTree = SDKROOT; };
		F282F92718415C0300D53D96 /* CoreAudio.framework */ = {isa = PBXFileReference; lastKnownFileType = wrapper.framework; name = CoreAudio.framework; path = System/Library/Frameworks/CoreAudio.framework; sourceTree = SDKROOT; };
		F282F92818415C0300D53D96 /* libstdc++.6.0.9.dylib */ = {isa = PBXFileReference; lastKnownFileType = "compiled.mach-o.dylib"; name = "libstdc++.6.0.9.dylib"; path = "usr/lib/libstdc++.6.0.9.dylib"; sourceTree = SDKROOT; };
		F282F9931841665A00D53D96 /* ALAppDelegate.m */ = {isa = PBXFileReference; fileEncoding = 4; lastKnownFileType = sourcecode.c.objc; name = ALAppDelegate.m; path = Tutorial1/ALAppDelegate.m; sourceTree = SOURCE_ROOT; };
		F282F9941841665A00D53D96 /* ALAppDelegate.h */ = {isa = PBXFileReference; fileEncoding = 4; lastKnownFileType = sourcecode.c.h; name = ALAppDelegate.h; path = Tutorial1/ALAppDelegate.h; sourceTree = SOURCE_ROOT; };
		F282F9951841665A00D53D96 /* Images.xcassets */ = {isa = PBXFileReference; lastKnownFileType = folder.assetcatalog; name = Images.xcassets; path = Tutorial1/Images.xcassets; sourceTree = SOURCE_ROOT; };
		F282F99A1841666700D53D96 /* main.m */ = {isa = PBXFileReference; fileEncoding = 4; lastKnownFileType = sourcecode.c.objc; name = main.m; path = Tutorial1/main.m; sourceTree = SOURCE_ROOT; };
		F282F99E1841667000D53D96 /* Base */ = {isa = PBXFileReference; lastKnownFileType = file.xib; name = Base; path = Tutorial1/Base.lproj/MainMenu.xib; sourceTree = SOURCE_ROOT; };
		F282F9A21841677C00D53D96 /* Tutorial1.plist */ = {isa = PBXFileReference; fileEncoding = 4; lastKnownFileType = text.plist.xml; name = Tutorial1.plist; path = Tutorial1/Tutorial1.plist; sourceTree = SOURCE_ROOT; };
		F282F9A31841677C00D53D96 /* Tutorial1.pch */ = {isa = PBXFileReference; fileEncoding = 4; lastKnownFileType = sourcecode.c.h; name = Tutorial1.pch; path = Tutorial1/Tutorial1.pch; sourceTree = SOURCE_ROOT; };
		F282F9B8184169CB00D53D96 /* Tutorial2.app */ = {isa = PBXFileReference; explicitFileType = wrapper.application; includeInIndex = 0; path = Tutorial2.app; sourceTree = BUILT_PRODUCTS_DIR; };
		F282F9BC184169CB00D53D96 /* Tutorial2-Info.plist */ = {isa = PBXFileReference; lastKnownFileType = text.plist.xml; path = "Tutorial2-Info.plist"; sourceTree = "<group>"; };
		F282F9BE184169CB00D53D96 /* en */ = {isa = PBXFileReference; lastKnownFileType = text.plist.strings; name = en; path = en.lproj/InfoPlist.strings; sourceTree = "<group>"; };
		F282F9C0184169CB00D53D96 /* main.m */ = {isa = PBXFileReference; lastKnownFileType = sourcecode.c.objc; path = main.m; sourceTree = "<group>"; };
		F282F9C2184169CB00D53D96 /* Tutorial2-Prefix.pch */ = {isa = PBXFileReference; lastKnownFileType = sourcecode.c.h; path = "Tutorial2-Prefix.pch"; sourceTree = "<group>"; };
		F282F9C4184169CB00D53D96 /* en */ = {isa = PBXFileReference; lastKnownFileType = text.rtf; name = en; path = en.lproj/Credits.rtf; sourceTree = "<group>"; };
		F282F9C6184169CB00D53D96 /* ALAppDelegate.h */ = {isa = PBXFileReference; lastKnownFileType = sourcecode.c.h; path = ALAppDelegate.h; sourceTree = "<group>"; };
		F282F9C7184169CB00D53D96 /* ALAppDelegate.m */ = {isa = PBXFileReference; lastKnownFileType = sourcecode.c.objc; path = ALAppDelegate.m; sourceTree = "<group>"; };
		F282F9CA184169CB00D53D96 /* Base */ = {isa = PBXFileReference; lastKnownFileType = file.xib; name = Base; path = Base.lproj/MainMenu.xib; sourceTree = "<group>"; };
		F282F9CC184169CB00D53D96 /* Images.xcassets */ = {isa = PBXFileReference; lastKnownFileType = folder.assetcatalog; path = Images.xcassets; sourceTree = "<group>"; };
		F282F9FD18417AD400D53D96 /* Tutorial3.app */ = {isa = PBXFileReference; explicitFileType = wrapper.application; includeInIndex = 0; path = Tutorial3.app; sourceTree = BUILT_PRODUCTS_DIR; };
		F282FA0118417AD400D53D96 /* Tutorial3-Info.plist */ = {isa = PBXFileReference; lastKnownFileType = text.plist.xml; path = "Tutorial3-Info.plist"; sourceTree = "<group>"; };
		F282FA0318417AD400D53D96 /* en */ = {isa = PBXFileReference; lastKnownFileType = text.plist.strings; name = en; path = en.lproj/InfoPlist.strings; sourceTree = "<group>"; };
		F282FA0518417AD400D53D96 /* main.m */ = {isa = PBXFileReference; lastKnownFileType = sourcecode.c.objc; path = main.m; sourceTree = "<group>"; };
		F282FA0718417AD400D53D96 /* Tutorial3-Prefix.pch */ = {isa = PBXFileReference; lastKnownFileType = sourcecode.c.h; path = "Tutorial3-Prefix.pch"; sourceTree = "<group>"; };
		F282FA0918417AD400D53D96 /* en */ = {isa = PBXFileReference; lastKnownFileType = text.rtf; name = en; path = en.lproj/Credits.rtf; sourceTree = "<group>"; };
		F282FA0B18417AD400D53D96 /* ALAppDelegate.h */ = {isa = PBXFileReference; lastKnownFileType = sourcecode.c.h; path = ALAppDelegate.h; sourceTree = "<group>"; };
		F282FA0C18417AD400D53D96 /* ALAppDelegate.m */ = {isa = PBXFileReference; lastKnownFileType = sourcecode.c.objc; path = ALAppDelegate.m; sourceTree = "<group>"; };
		F282FA0F18417AD400D53D96 /* Base */ = {isa = PBXFileReference; lastKnownFileType = file.xib; name = Base; path = Base.lproj/MainMenu.xib; sourceTree = "<group>"; };
		F282FA1118417AD400D53D96 /* Images.xcassets */ = {isa = PBXFileReference; lastKnownFileType = folder.assetcatalog; path = Images.xcassets; sourceTree = "<group>"; };
		F282FA381841806200D53D96 /* Tutorial4.app */ = {isa = PBXFileReference; explicitFileType = wrapper.application; includeInIndex = 0; path = Tutorial4.app; sourceTree = BUILT_PRODUCTS_DIR; };
		F282FA3C1841806200D53D96 /* Tutorial4-Info.plist */ = {isa = PBXFileReference; lastKnownFileType = text.plist.xml; path = "Tutorial4-Info.plist"; sourceTree = "<group>"; };
		F282FA3E1841806200D53D96 /* en */ = {isa = PBXFileReference; lastKnownFileType = text.plist.strings; name = en; path = en.lproj/InfoPlist.strings; sourceTree = "<group>"; };
		F282FA401841806200D53D96 /* main.m */ = {isa = PBXFileReference; lastKnownFileType = sourcecode.c.objc; path = main.m; sourceTree = "<group>"; };
		F282FA421841806200D53D96 /* Tutorial4-Prefix.pch */ = {isa = PBXFileReference; lastKnownFileType = sourcecode.c.h; path = "Tutorial4-Prefix.pch"; sourceTree = "<group>"; };
		F282FA441841806200D53D96 /* en */ = {isa = PBXFileReference; lastKnownFileType = text.rtf; name = en; path = en.lproj/Credits.rtf; sourceTree = "<group>"; };
		F282FA461841806200D53D96 /* ALAppDelegate.h */ = {isa = PBXFileReference; lastKnownFileType = sourcecode.c.h; path = ALAppDelegate.h; sourceTree = "<group>"; };
		F282FA471841806200D53D96 /* ALAppDelegate.m */ = {isa = PBXFileReference; lastKnownFileType = sourcecode.c.objc; path = ALAppDelegate.m; sourceTree = "<group>"; };
		F282FA4A1841806200D53D96 /* Base */ = {isa = PBXFileReference; lastKnownFileType = file.xib; name = Base; path = Base.lproj/MainMenu.xib; sourceTree = "<group>"; };
		F282FA4C1841806200D53D96 /* Images.xcassets */ = {isa = PBXFileReference; lastKnownFileType = folder.assetcatalog; path = Images.xcassets; sourceTree = "<group>"; };
/* End PBXFileReference section */

/* Begin PBXFrameworksBuildPhase section */
		F278DE521842D5D800FAE456 /* Frameworks */ = {
			isa = PBXFrameworksBuildPhase;
			buildActionMask = 2147483647;
			files = (
				F2AD89AE185B0B220014ADD2 /* Security.framework in Frameworks */,
				F278DE831842D67B00FAE456 /* OpenGL.framework in Frameworks */,
				F278DE841842D67B00FAE456 /* AudioToolbox.framework in Frameworks */,
				F278DE851842D67B00FAE456 /* IOKit.framework in Frameworks */,
				F278DE861842D67C00FAE456 /* QuartzCore.framework in Frameworks */,
				F24FC8D9185208D2004D5F8B /* AddLive.framework in Frameworks */,
				F278DE871842D67C00FAE456 /* ApplicationServices.framework in Frameworks */,
				F278DE881842D67C00FAE456 /* QTKit.framework in Frameworks */,
				F278DE891842D67C00FAE456 /* CoreServices.framework in Frameworks */,
				F278DE8A1842D67C00FAE456 /* CoreAudio.framework in Frameworks */,
				F278DE8B1842D67C00FAE456 /* libstdc++.6.0.9.dylib in Frameworks */,
				F278DE561842D5D900FAE456 /* Cocoa.framework in Frameworks */,
			);
			runOnlyForDeploymentPostprocessing = 0;
		};
		F278DE8F1843AA8500FAE456 /* Frameworks */ = {
			isa = PBXFrameworksBuildPhase;
			buildActionMask = 2147483647;
			files = (
				F24FC8DE18520A3B004D5F8B /* Security.framework in Frameworks */,
				F278DEC01843AAC700FAE456 /* OpenGL.framework in Frameworks */,
				F278DEC11843AAC700FAE456 /* AudioToolbox.framework in Frameworks */,
				F278DEC21843AAC700FAE456 /* IOKit.framework in Frameworks */,
				F278DEC31843AAC700FAE456 /* QuartzCore.framework in Frameworks */,
				F24FC8DA185208D2004D5F8B /* AddLive.framework in Frameworks */,
				F278DEC41843AAC700FAE456 /* ApplicationServices.framework in Frameworks */,
				F278DEC51843AAC700FAE456 /* QTKit.framework in Frameworks */,
				F278DEC61843AAC700FAE456 /* CoreServices.framework in Frameworks */,
				F278DEC71843AAC700FAE456 /* CoreAudio.framework in Frameworks */,
				F278DEC81843AAC700FAE456 /* libstdc++.6.0.9.dylib in Frameworks */,
				F278DE931843AA8500FAE456 /* Cocoa.framework in Frameworks */,
			);
			runOnlyForDeploymentPostprocessing = 0;
		};
		F278DECA1843DCA300FAE456 /* Frameworks */ = {
			isa = PBXFrameworksBuildPhase;
			buildActionMask = 2147483647;
			files = (
				F2AD89AF185B0B2F0014ADD2 /* Security.framework in Frameworks */,
				F278DEFB1843DCB900FAE456 /* OpenGL.framework in Frameworks */,
				F278DEFC1843DCB900FAE456 /* AudioToolbox.framework in Frameworks */,
				F278DEFD1843DCB900FAE456 /* IOKit.framework in Frameworks */,
				F278DEFE1843DCB900FAE456 /* QuartzCore.framework in Frameworks */,
				F24FC8DB185208D2004D5F8B /* AddLive.framework in Frameworks */,
				F278DEFF1843DCB900FAE456 /* ApplicationServices.framework in Frameworks */,
				F278DF001843DCB900FAE456 /* QTKit.framework in Frameworks */,
				F278DF011843DCB900FAE456 /* CoreServices.framework in Frameworks */,
				F278DF021843DCB900FAE456 /* CoreAudio.framework in Frameworks */,
				F278DF031843DCB900FAE456 /* libstdc++.6.0.9.dylib in Frameworks */,
				F278DECE1843DCA300FAE456 /* Cocoa.framework in Frameworks */,
			);
			runOnlyForDeploymentPostprocessing = 0;
		};
		F278DF051844157300FAE456 /* Frameworks */ = {
			isa = PBXFrameworksBuildPhase;
			buildActionMask = 2147483647;
			files = (
				F2AD89B0185B0B370014ADD2 /* Security.framework in Frameworks */,
				F278DF361844158B00FAE456 /* OpenGL.framework in Frameworks */,
				F278DF371844158B00FAE456 /* AudioToolbox.framework in Frameworks */,
				F278DF381844158B00FAE456 /* IOKit.framework in Frameworks */,
				F278DF391844158B00FAE456 /* QuartzCore.framework in Frameworks */,
				F24FC8DC185208D2004D5F8B /* AddLive.framework in Frameworks */,
				F278DF3A1844158B00FAE456 /* ApplicationServices.framework in Frameworks */,
				F278DF3B1844158B00FAE456 /* QTKit.framework in Frameworks */,
				F278DF3C1844158B00FAE456 /* CoreServices.framework in Frameworks */,
				F278DF3D1844158B00FAE456 /* CoreAudio.framework in Frameworks */,
				F278DF3E1844158B00FAE456 /* libstdc++.6.0.9.dylib in Frameworks */,
				F278DF091844157300FAE456 /* Cocoa.framework in Frameworks */,
			);
			runOnlyForDeploymentPostprocessing = 0;
		};
		F282F8E518415B9E00D53D96 /* Frameworks */ = {
			isa = PBXFrameworksBuildPhase;
			buildActionMask = 2147483647;
			files = (
				F2AD89AA185B0B020014ADD2 /* Security.framework in Frameworks */,
				F282F93018415C0300D53D96 /* QTKit.framework in Frameworks */,
				F282F92F18415C0300D53D96 /* ApplicationServices.framework in Frameworks */,
				F24FC8D5185208D2004D5F8B /* AddLive.framework in Frameworks */,
				F282F8EC18415B9E00D53D96 /* Cocoa.framework in Frameworks */,
				F282F93318415C0300D53D96 /* libstdc++.6.0.9.dylib in Frameworks */,
				F282F92D18415C0300D53D96 /* Cocoa.framework in Frameworks */,
				F282F93118415C0300D53D96 /* CoreServices.framework in Frameworks */,
				F282F92E18415C0300D53D96 /* QuartzCore.framework in Frameworks */,
				F282F92A18415C0300D53D96 /* OpenGL.framework in Frameworks */,
				F282F92B18415C0300D53D96 /* AudioToolbox.framework in Frameworks */,
				F282F93218415C0300D53D96 /* CoreAudio.framework in Frameworks */,
				F282F92C18415C0300D53D96 /* IOKit.framework in Frameworks */,
			);
			runOnlyForDeploymentPostprocessing = 0;
		};
		F282F9B5184169CB00D53D96 /* Frameworks */ = {
			isa = PBXFrameworksBuildPhase;
			buildActionMask = 2147483647;
			files = (
				F2AD89AB185B0B090014ADD2 /* Security.framework in Frameworks */,
				F282F9F018416C8E00D53D96 /* OpenGL.framework in Frameworks */,
				F282F9F118416C8E00D53D96 /* AudioToolbox.framework in Frameworks */,
				F282F9F218416C8E00D53D96 /* IOKit.framework in Frameworks */,
				F282F9F318416C8E00D53D96 /* QuartzCore.framework in Frameworks */,
				F24FC8D6185208D2004D5F8B /* AddLive.framework in Frameworks */,
				F282F9F418416C8E00D53D96 /* ApplicationServices.framework in Frameworks */,
				F282F9F518416C8E00D53D96 /* QTKit.framework in Frameworks */,
				F282F9F618416C8E00D53D96 /* CoreServices.framework in Frameworks */,
				F282F9F718416C8E00D53D96 /* CoreAudio.framework in Frameworks */,
				F282F9F818416C8E00D53D96 /* libstdc++.6.0.9.dylib in Frameworks */,
				F282F9B9184169CB00D53D96 /* Cocoa.framework in Frameworks */,
			);
			runOnlyForDeploymentPostprocessing = 0;
		};
		F282F9FA18417AD400D53D96 /* Frameworks */ = {
			isa = PBXFrameworksBuildPhase;
			buildActionMask = 2147483647;
			files = (
				F2AD89AC185B0B100014ADD2 /* Security.framework in Frameworks */,
				F282FA2B18417B3500D53D96 /* OpenGL.framework in Frameworks */,
				F282FA2C18417B3500D53D96 /* AudioToolbox.framework in Frameworks */,
				F282FA2D18417B3500D53D96 /* IOKit.framework in Frameworks */,
				F282FA2E18417B3500D53D96 /* QuartzCore.framework in Frameworks */,
				F24FC8D7185208D2004D5F8B /* AddLive.framework in Frameworks */,
				F282FA2F18417B3500D53D96 /* ApplicationServices.framework in Frameworks */,
				F282FA3018417B3500D53D96 /* QTKit.framework in Frameworks */,
				F282FA3118417B3500D53D96 /* CoreServices.framework in Frameworks */,
				F282FA3218417B3500D53D96 /* CoreAudio.framework in Frameworks */,
				F282FA3318417B3500D53D96 /* libstdc++.6.0.9.dylib in Frameworks */,
				F282F9FE18417AD400D53D96 /* Cocoa.framework in Frameworks */,
			);
			runOnlyForDeploymentPostprocessing = 0;
		};
		F282FA351841806200D53D96 /* Frameworks */ = {
			isa = PBXFrameworksBuildPhase;
			buildActionMask = 2147483647;
			files = (
				F2AD89AD185B0B1A0014ADD2 /* Security.framework in Frameworks */,
				F2F9EFFC184196E50057AA14 /* OpenGL.framework in Frameworks */,
				F2F9EFFD184196E50057AA14 /* AudioToolbox.framework in Frameworks */,
				F2F9EFFE184196E50057AA14 /* IOKit.framework in Frameworks */,
				F2F9EFFF184196E50057AA14 /* QuartzCore.framework in Frameworks */,
				F24FC8D8185208D2004D5F8B /* AddLive.framework in Frameworks */,
				F2F9F000184196E50057AA14 /* ApplicationServices.framework in Frameworks */,
				F2F9F001184196E50057AA14 /* QTKit.framework in Frameworks */,
				F2F9F002184196E50057AA14 /* CoreServices.framework in Frameworks */,
				F2F9F003184196E50057AA14 /* CoreAudio.framework in Frameworks */,
				F2F9F004184196E50057AA14 /* libstdc++.6.0.9.dylib in Frameworks */,
				F282FA391841806200D53D96 /* Cocoa.framework in Frameworks */,
			);
			runOnlyForDeploymentPostprocessing = 0;
		};
/* End PBXFrameworksBuildPhase section */

/* Begin PBXGroup section */
		F278DE571842D5D900FAE456 /* Tutorial5 */ = {
			isa = PBXGroup;
			children = (
				F278DE631842D5D900FAE456 /* ALAppDelegate.h */,
				F278DE641842D5D900FAE456 /* ALAppDelegate.m */,
				F278DE661842D5D900FAE456 /* MainMenu.xib */,
				F278DE691842D5D900FAE456 /* Images.xcassets */,
				F278DE581842D5D900FAE456 /* Supporting Files */,
			);
			path = Tutorial5;
			sourceTree = "<group>";
		};
		F278DE581842D5D900FAE456 /* Supporting Files */ = {
			isa = PBXGroup;
			children = (
				F278DE8C1842E2E300FAE456 /* test.wav */,
				F278DE591842D5D900FAE456 /* Tutorial5-Info.plist */,
				F278DE5A1842D5D900FAE456 /* InfoPlist.strings */,
				F278DE5D1842D5D900FAE456 /* main.m */,
				F278DE5F1842D5D900FAE456 /* Tutorial5-Prefix.pch */,
				F278DE601842D5D900FAE456 /* Credits.rtf */,
			);
			name = "Supporting Files";
			sourceTree = "<group>";
		};
		F278DE941843AA8500FAE456 /* Tutorial6 */ = {
			isa = PBXGroup;
			children = (
				F278DEA01843AA8500FAE456 /* ALAppDelegate.h */,
				F278DEA11843AA8500FAE456 /* ALAppDelegate.m */,
				F278DEA31843AA8500FAE456 /* MainMenu.xib */,
				F278DEA61843AA8500FAE456 /* Images.xcassets */,
				F278DE951843AA8500FAE456 /* Supporting Files */,
			);
			path = Tutorial6;
			sourceTree = "<group>";
		};
		F278DE951843AA8500FAE456 /* Supporting Files */ = {
			isa = PBXGroup;
			children = (
				F278DE961843AA8500FAE456 /* Tutorial6-Info.plist */,
				F278DE971843AA8500FAE456 /* InfoPlist.strings */,
				F278DE9A1843AA8500FAE456 /* main.m */,
				F278DE9C1843AA8500FAE456 /* Tutorial6-Prefix.pch */,
				F278DE9D1843AA8500FAE456 /* Credits.rtf */,
			);
			name = "Supporting Files";
			sourceTree = "<group>";
		};
		F278DECF1843DCA300FAE456 /* Tutorial7 */ = {
			isa = PBXGroup;
			children = (
				F278DEDB1843DCA300FAE456 /* ALAppDelegate.h */,
				F278DEDC1843DCA300FAE456 /* ALAppDelegate.m */,
				F278DEDE1843DCA300FAE456 /* MainMenu.xib */,
				F278DEE11843DCA300FAE456 /* Images.xcassets */,
				F278DED01843DCA300FAE456 /* Supporting Files */,
			);
			path = Tutorial7;
			sourceTree = "<group>";
		};
		F278DED01843DCA300FAE456 /* Supporting Files */ = {
			isa = PBXGroup;
			children = (
				F278DED11843DCA300FAE456 /* Tutorial7-Info.plist */,
				F278DED21843DCA300FAE456 /* InfoPlist.strings */,
				F278DED51843DCA300FAE456 /* main.m */,
				F278DED71843DCA300FAE456 /* Tutorial7-Prefix.pch */,
				F278DED81843DCA300FAE456 /* Credits.rtf */,
			);
			name = "Supporting Files";
			sourceTree = "<group>";
		};
		F278DF0A1844157300FAE456 /* Tutorial8 */ = {
			isa = PBXGroup;
			children = (
				F278DF161844157300FAE456 /* ALAppDelegate.h */,
				F278DF171844157300FAE456 /* ALAppDelegate.m */,
				F278DF191844157300FAE456 /* MainMenu.xib */,
				F278DF1C1844157300FAE456 /* Images.xcassets */,
				F278DF0B1844157300FAE456 /* Supporting Files */,
			);
			path = Tutorial8;
			sourceTree = "<group>";
		};
		F278DF0B1844157300FAE456 /* Supporting Files */ = {
			isa = PBXGroup;
			children = (
				F278DF0C1844157300FAE456 /* Tutorial8-Info.plist */,
				F278DF0D1844157300FAE456 /* InfoPlist.strings */,
				F278DF101844157300FAE456 /* main.m */,
				F278DF121844157300FAE456 /* Tutorial8-Prefix.pch */,
				F278DF131844157300FAE456 /* Credits.rtf */,
			);
			name = "Supporting Files";
			sourceTree = "<group>";
		};
		F282F8DF18415B9E00D53D96 = {
			isa = PBXGroup;
			children = (
				F282F8F118415B9E00D53D96 /* Tutorial1 */,
				F282F9BA184169CB00D53D96 /* Tutorial2 */,
				F282F9FF18417AD400D53D96 /* Tutorial3 */,
				F282FA3A1841806200D53D96 /* Tutorial4 */,
				F278DE571842D5D900FAE456 /* Tutorial5 */,
				F278DE941843AA8500FAE456 /* Tutorial6 */,
				F278DECF1843DCA300FAE456 /* Tutorial7 */,
				F278DF0A1844157300FAE456 /* Tutorial8 */,
				F282F8EA18415B9E00D53D96 /* Frameworks */,
				F282F8E918415B9E00D53D96 /* Products */,
			);
			sourceTree = "<group>";
		};
		F282F8E918415B9E00D53D96 /* Products */ = {
			isa = PBXGroup;
			children = (
				F282F8E818415B9E00D53D96 /* Tutorial1.app */,
				F282F9B8184169CB00D53D96 /* Tutorial2.app */,
				F282F9FD18417AD400D53D96 /* Tutorial3.app */,
				F282FA381841806200D53D96 /* Tutorial4.app */,
				F278DE551842D5D800FAE456 /* Tutorial5.app */,
				F278DE921843AA8500FAE456 /* Tutorial6.app */,
				F278DECD1843DCA300FAE456 /* Tutorial7.app */,
				F278DF081844157300FAE456 /* Tutorial8.app */,
			);
			name = Products;
			sourceTree = "<group>";
		};
		F282F8EA18415B9E00D53D96 /* Frameworks */ = {
			isa = PBXGroup;
			children = (
				F24FC8DD18520A3B004D5F8B /* Security.framework */,
				F24FC8D4185208D2004D5F8B /* AddLive.framework */,
				F282F91F18415C0300D53D96 /* OpenGL.framework */,
				F282F92018415C0300D53D96 /* AudioToolbox.framework */,
				F282F92118415C0300D53D96 /* IOKit.framework */,
				F282F92218415C0300D53D96 /* Cocoa.framework */,
				F282F92318415C0300D53D96 /* QuartzCore.framework */,
				F282F92418415C0300D53D96 /* ApplicationServices.framework */,
				F282F92518415C0300D53D96 /* QTKit.framework */,
				F282F92618415C0300D53D96 /* CoreServices.framework */,
				F282F92718415C0300D53D96 /* CoreAudio.framework */,
				F282F92818415C0300D53D96 /* libstdc++.6.0.9.dylib */,
				F282F8EB18415B9E00D53D96 /* Cocoa.framework */,
				F282F90A18415B9E00D53D96 /* XCTest.framework */,
				F282F8ED18415B9E00D53D96 /* Other Frameworks */,
			);
			name = Frameworks;
			sourceTree = "<group>";
		};
		F282F8ED18415B9E00D53D96 /* Other Frameworks */ = {
			isa = PBXGroup;
			children = (
				F282F8EE18415B9E00D53D96 /* AppKit.framework */,
				F282F8EF18415B9E00D53D96 /* CoreData.framework */,
				F282F8F018415B9E00D53D96 /* Foundation.framework */,
			);
			name = "Other Frameworks";
			sourceTree = "<group>";
		};
		F282F8F118415B9E00D53D96 /* Tutorial1 */ = {
			isa = PBXGroup;
			children = (
				F282F9931841665A00D53D96 /* ALAppDelegate.m */,
				F282F9941841665A00D53D96 /* ALAppDelegate.h */,
				F282F99D1841667000D53D96 /* MainMenu.xib */,
				F282F9951841665A00D53D96 /* Images.xcassets */,
				F282F8F218415B9E00D53D96 /* Supporting Files */,
			);
			name = Tutorial1;
			path = "AddLive OSX Tutorials";
			sourceTree = "<group>";
		};
		F282F8F218415B9E00D53D96 /* Supporting Files */ = {
			isa = PBXGroup;
			children = (
				F282F9A21841677C00D53D96 /* Tutorial1.plist */,
				F282F9A31841677C00D53D96 /* Tutorial1.pch */,
				F282F99A1841666700D53D96 /* main.m */,
			);
			name = "Supporting Files";
			sourceTree = "<group>";
		};
		F282F9BA184169CB00D53D96 /* Tutorial2 */ = {
			isa = PBXGroup;
			children = (
				F282F9C6184169CB00D53D96 /* ALAppDelegate.h */,
				F282F9C7184169CB00D53D96 /* ALAppDelegate.m */,
				F282F9C9184169CB00D53D96 /* MainMenu.xib */,
				F282F9CC184169CB00D53D96 /* Images.xcassets */,
				F282F9BB184169CB00D53D96 /* Supporting Files */,
			);
			path = Tutorial2;
			sourceTree = "<group>";
		};
		F282F9BB184169CB00D53D96 /* Supporting Files */ = {
			isa = PBXGroup;
			children = (
				F282F9BC184169CB00D53D96 /* Tutorial2-Info.plist */,
				F282F9BD184169CB00D53D96 /* InfoPlist.strings */,
				F282F9C0184169CB00D53D96 /* main.m */,
				F282F9C2184169CB00D53D96 /* Tutorial2-Prefix.pch */,
				F282F9C3184169CB00D53D96 /* Credits.rtf */,
			);
			name = "Supporting Files";
			sourceTree = "<group>";
		};
		F282F9FF18417AD400D53D96 /* Tutorial3 */ = {
			isa = PBXGroup;
			children = (
				F282FA0B18417AD400D53D96 /* ALAppDelegate.h */,
				F282FA0C18417AD400D53D96 /* ALAppDelegate.m */,
				F282FA0E18417AD400D53D96 /* MainMenu.xib */,
				F282FA1118417AD400D53D96 /* Images.xcassets */,
				F282FA0018417AD400D53D96 /* Supporting Files */,
			);
			path = Tutorial3;
			sourceTree = "<group>";
		};
		F282FA0018417AD400D53D96 /* Supporting Files */ = {
			isa = PBXGroup;
			children = (
				F282FA0118417AD400D53D96 /* Tutorial3-Info.plist */,
				F282FA0218417AD400D53D96 /* InfoPlist.strings */,
				F282FA0518417AD400D53D96 /* main.m */,
				F282FA0718417AD400D53D96 /* Tutorial3-Prefix.pch */,
				F282FA0818417AD400D53D96 /* Credits.rtf */,
			);
			name = "Supporting Files";
			sourceTree = "<group>";
		};
		F282FA3A1841806200D53D96 /* Tutorial4 */ = {
			isa = PBXGroup;
			children = (
				F282FA461841806200D53D96 /* ALAppDelegate.h */,
				F282FA471841806200D53D96 /* ALAppDelegate.m */,
				F282FA491841806200D53D96 /* MainMenu.xib */,
				F282FA4C1841806200D53D96 /* Images.xcassets */,
				F282FA3B1841806200D53D96 /* Supporting Files */,
			);
			path = Tutorial4;
			sourceTree = "<group>";
		};
		F282FA3B1841806200D53D96 /* Supporting Files */ = {
			isa = PBXGroup;
			children = (
				F282FA3C1841806200D53D96 /* Tutorial4-Info.plist */,
				F282FA3D1841806200D53D96 /* InfoPlist.strings */,
				F282FA401841806200D53D96 /* main.m */,
				F282FA421841806200D53D96 /* Tutorial4-Prefix.pch */,
				F282FA431841806200D53D96 /* Credits.rtf */,
			);
			name = "Supporting Files";
			sourceTree = "<group>";
		};
/* End PBXGroup section */

/* Begin PBXNativeTarget section */
		F278DE541842D5D800FAE456 /* Tutorial5 */ = {
			isa = PBXNativeTarget;
			buildConfigurationList = F278DE801842D5D900FAE456 /* Build configuration list for PBXNativeTarget "Tutorial5" */;
			buildPhases = (
				F278DE511842D5D800FAE456 /* Sources */,
				F278DE521842D5D800FAE456 /* Frameworks */,
				F278DE531842D5D800FAE456 /* Resources */,
			);
			buildRules = (
			);
			dependencies = (
			);
			name = Tutorial5;
			productName = Tutorial5;
			productReference = F278DE551842D5D800FAE456 /* Tutorial5.app */;
			productType = "com.apple.product-type.application";
		};
		F278DE911843AA8500FAE456 /* Tutorial6 */ = {
			isa = PBXNativeTarget;
			buildConfigurationList = F278DEB91843AA8500FAE456 /* Build configuration list for PBXNativeTarget "Tutorial6" */;
			buildPhases = (
				F278DE8E1843AA8500FAE456 /* Sources */,
				F278DE8F1843AA8500FAE456 /* Frameworks */,
				F278DE901843AA8500FAE456 /* Resources */,
			);
			buildRules = (
			);
			dependencies = (
			);
			name = Tutorial6;
			productName = Tutorial6;
			productReference = F278DE921843AA8500FAE456 /* Tutorial6.app */;
			productType = "com.apple.product-type.application";
		};
		F278DECC1843DCA300FAE456 /* Tutorial7 */ = {
			isa = PBXNativeTarget;
			buildConfigurationList = F278DEF41843DCA400FAE456 /* Build configuration list for PBXNativeTarget "Tutorial7" */;
			buildPhases = (
				F278DEC91843DCA300FAE456 /* Sources */,
				F278DECA1843DCA300FAE456 /* Frameworks */,
				F278DECB1843DCA300FAE456 /* Resources */,
			);
			buildRules = (
			);
			dependencies = (
			);
			name = Tutorial7;
			productName = Tutorial7;
			productReference = F278DECD1843DCA300FAE456 /* Tutorial7.app */;
			productType = "com.apple.product-type.application";
		};
		F278DF071844157300FAE456 /* Tutorial8 */ = {
			isa = PBXNativeTarget;
			buildConfigurationList = F278DF2F1844157300FAE456 /* Build configuration list for PBXNativeTarget "Tutorial8" */;
			buildPhases = (
				F278DF041844157300FAE456 /* Sources */,
				F278DF051844157300FAE456 /* Frameworks */,
				F278DF061844157300FAE456 /* Resources */,
			);
			buildRules = (
			);
			dependencies = (
			);
			name = Tutorial8;
			productName = Tutorial8;
			productReference = F278DF081844157300FAE456 /* Tutorial8.app */;
			productType = "com.apple.product-type.application";
		};
		F282F8E718415B9E00D53D96 /* Tutorial1 */ = {
			isa = PBXNativeTarget;
			buildConfigurationList = F282F91918415B9E00D53D96 /* Build configuration list for PBXNativeTarget "Tutorial1" */;
			buildPhases = (
				F282F8E418415B9E00D53D96 /* Sources */,
				F282F8E518415B9E00D53D96 /* Frameworks */,
				F282F8E618415B9E00D53D96 /* Resources */,
			);
			buildRules = (
			);
			dependencies = (
			);
			name = Tutorial1;
			productName = "AddLive OSX Tutorials";
			productReference = F282F8E818415B9E00D53D96 /* Tutorial1.app */;
			productType = "com.apple.product-type.application";
		};
		F282F9B7184169CB00D53D96 /* Tutorial2 */ = {
			isa = PBXNativeTarget;
			buildConfigurationList = F282F9DF184169CC00D53D96 /* Build configuration list for PBXNativeTarget "Tutorial2" */;
			buildPhases = (
				F282F9B4184169CB00D53D96 /* Sources */,
				F282F9B5184169CB00D53D96 /* Frameworks */,
				F282F9B6184169CB00D53D96 /* Resources */,
			);
			buildRules = (
			);
			dependencies = (
			);
			name = Tutorial2;
			productName = Tutorial2;
			productReference = F282F9B8184169CB00D53D96 /* Tutorial2.app */;
			productType = "com.apple.product-type.application";
		};
		F282F9FC18417AD400D53D96 /* Tutorial3 */ = {
			isa = PBXNativeTarget;
			buildConfigurationList = F282FA2418417AD500D53D96 /* Build configuration list for PBXNativeTarget "Tutorial3" */;
			buildPhases = (
				F282F9F918417AD400D53D96 /* Sources */,
				F282F9FA18417AD400D53D96 /* Frameworks */,
				F282F9FB18417AD400D53D96 /* Resources */,
			);
			buildRules = (
			);
			dependencies = (
			);
			name = Tutorial3;
			productName = Tutorial3;
			productReference = F282F9FD18417AD400D53D96 /* Tutorial3.app */;
			productType = "com.apple.product-type.application";
		};
		F282FA371841806200D53D96 /* Tutorial4 */ = {
			isa = PBXNativeTarget;
			buildConfigurationList = F282FA5F1841806200D53D96 /* Build configuration list for PBXNativeTarget "Tutorial4" */;
			buildPhases = (
				F282FA341841806200D53D96 /* Sources */,
				F282FA351841806200D53D96 /* Frameworks */,
				F282FA361841806200D53D96 /* Resources */,
			);
			buildRules = (
			);
			dependencies = (
			);
			name = Tutorial4;
			productName = Tutorial4;
			productReference = F282FA381841806200D53D96 /* Tutorial4.app */;
			productType = "com.apple.product-type.application";
		};
/* End PBXNativeTarget section */

/* Begin PBXProject section */
		F282F8E018415B9E00D53D96 /* Project object */ = {
			isa = PBXProject;
			attributes = {
				CLASSPREFIX = AL;
				LastUpgradeCheck = 0500;
				ORGANIZATIONNAME = AddLive;
			};
			buildConfigurationList = F282F8E318415B9E00D53D96 /* Build configuration list for PBXProject "AddLive OSX Tutorials" */;
			compatibilityVersion = "Xcode 3.2";
			developmentRegion = English;
			hasScannedForEncodings = 0;
			knownRegions = (
				en,
				Base,
			);
			mainGroup = F282F8DF18415B9E00D53D96;
			productRefGroup = F282F8E918415B9E00D53D96 /* Products */;
			projectDirPath = "";
			projectRoot = "";
			targets = (
				F282F8E718415B9E00D53D96 /* Tutorial1 */,
				F282F9B7184169CB00D53D96 /* Tutorial2 */,
				F282F9FC18417AD400D53D96 /* Tutorial3 */,
				F282FA371841806200D53D96 /* Tutorial4 */,
				F278DE541842D5D800FAE456 /* Tutorial5 */,
				F278DE911843AA8500FAE456 /* Tutorial6 */,
				F278DECC1843DCA300FAE456 /* Tutorial7 */,
				F278DF071844157300FAE456 /* Tutorial8 */,
			);
		};
/* End PBXProject section */

/* Begin PBXResourcesBuildPhase section */
		F278DE531842D5D800FAE456 /* Resources */ = {
			isa = PBXResourcesBuildPhase;
			buildActionMask = 2147483647;
			files = (
				F278DE8D1842E2E300FAE456 /* test.wav in Resources */,
				F278DE5C1842D5D900FAE456 /* InfoPlist.strings in Resources */,
				F278DE6A1842D5D900FAE456 /* Images.xcassets in Resources */,
				F278DE621842D5D900FAE456 /* Credits.rtf in Resources */,
				F278DE681842D5D900FAE456 /* MainMenu.xib in Resources */,
			);
			runOnlyForDeploymentPostprocessing = 0;
		};
		F278DE901843AA8500FAE456 /* Resources */ = {
			isa = PBXResourcesBuildPhase;
			buildActionMask = 2147483647;
			files = (
				F278DE991843AA8500FAE456 /* InfoPlist.strings in Resources */,
				F278DEA71843AA8500FAE456 /* Images.xcassets in Resources */,
				F278DE9F1843AA8500FAE456 /* Credits.rtf in Resources */,
				F278DEA51843AA8500FAE456 /* MainMenu.xib in Resources */,
			);
			runOnlyForDeploymentPostprocessing = 0;
		};
		F278DECB1843DCA300FAE456 /* Resources */ = {
			isa = PBXResourcesBuildPhase;
			buildActionMask = 2147483647;
			files = (
				F278DED41843DCA300FAE456 /* InfoPlist.strings in Resources */,
				F278DEE21843DCA300FAE456 /* Images.xcassets in Resources */,
				F278DEDA1843DCA300FAE456 /* Credits.rtf in Resources */,
				F278DEE01843DCA300FAE456 /* MainMenu.xib in Resources */,
			);
			runOnlyForDeploymentPostprocessing = 0;
		};
		F278DF061844157300FAE456 /* Resources */ = {
			isa = PBXResourcesBuildPhase;
			buildActionMask = 2147483647;
			files = (
				F278DF0F1844157300FAE456 /* InfoPlist.strings in Resources */,
				F278DF1D1844157300FAE456 /* Images.xcassets in Resources */,
				F278DF151844157300FAE456 /* Credits.rtf in Resources */,
				F278DF1B1844157300FAE456 /* MainMenu.xib in Resources */,
			);
			runOnlyForDeploymentPostprocessing = 0;
		};
		F282F8E618415B9E00D53D96 /* Resources */ = {
			isa = PBXResourcesBuildPhase;
			buildActionMask = 2147483647;
			files = (
				F282F9A11841671700D53D96 /* MainMenu.xib in Resources */,
				F282F9971841665A00D53D96 /* Images.xcassets in Resources */,
				F282F9A41841677C00D53D96 /* Tutorial1.plist in Resources */,
			);
			runOnlyForDeploymentPostprocessing = 0;
		};
		F282F9B6184169CB00D53D96 /* Resources */ = {
			isa = PBXResourcesBuildPhase;
			buildActionMask = 2147483647;
			files = (
				F282F9BF184169CB00D53D96 /* InfoPlist.strings in Resources */,
				F282F9CD184169CB00D53D96 /* Images.xcassets in Resources */,
				F282F9C5184169CB00D53D96 /* Credits.rtf in Resources */,
				F282F9CB184169CB00D53D96 /* MainMenu.xib in Resources */,
			);
			runOnlyForDeploymentPostprocessing = 0;
		};
		F282F9FB18417AD400D53D96 /* Resources */ = {
			isa = PBXResourcesBuildPhase;
			buildActionMask = 2147483647;
			files = (
				F282FA0418417AD400D53D96 /* InfoPlist.strings in Resources */,
				F282FA1218417AD400D53D96 /* Images.xcassets in Resources */,
				F282FA0A18417AD400D53D96 /* Credits.rtf in Resources */,
				F282FA1018417AD400D53D96 /* MainMenu.xib in Resources */,
			);
			runOnlyForDeploymentPostprocessing = 0;
		};
		F282FA361841806200D53D96 /* Resources */ = {
			isa = PBXResourcesBuildPhase;
			buildActionMask = 2147483647;
			files = (
				F282FA3F1841806200D53D96 /* InfoPlist.strings in Resources */,
				F282FA4D1841806200D53D96 /* Images.xcassets in Resources */,
				F282FA451841806200D53D96 /* Credits.rtf in Resources */,
				F282FA4B1841806200D53D96 /* MainMenu.xib in Resources */,
			);
			runOnlyForDeploymentPostprocessing = 0;
		};
/* End PBXResourcesBuildPhase section */

/* Begin PBXSourcesBuildPhase section */
		F278DE511842D5D800FAE456 /* Sources */ = {
			isa = PBXSourcesBuildPhase;
			buildActionMask = 2147483647;
			files = (
				F278DE5E1842D5D900FAE456 /* main.m in Sources */,
				F278DE651842D5D900FAE456 /* ALAppDelegate.m in Sources */,
			);
			runOnlyForDeploymentPostprocessing = 0;
		};
		F278DE8E1843AA8500FAE456 /* Sources */ = {
			isa = PBXSourcesBuildPhase;
			buildActionMask = 2147483647;
			files = (
				F278DE9B1843AA8500FAE456 /* main.m in Sources */,
				F278DEA21843AA8500FAE456 /* ALAppDelegate.m in Sources */,
			);
			runOnlyForDeploymentPostprocessing = 0;
		};
		F278DEC91843DCA300FAE456 /* Sources */ = {
			isa = PBXSourcesBuildPhase;
			buildActionMask = 2147483647;
			files = (
				F278DED61843DCA300FAE456 /* main.m in Sources */,
				F278DEDD1843DCA300FAE456 /* ALAppDelegate.m in Sources */,
			);
			runOnlyForDeploymentPostprocessing = 0;
		};
		F278DF041844157300FAE456 /* Sources */ = {
			isa = PBXSourcesBuildPhase;
			buildActionMask = 2147483647;
			files = (
				F278DF111844157300FAE456 /* main.m in Sources */,
				F278DF181844157300FAE456 /* ALAppDelegate.m in Sources */,
			);
			runOnlyForDeploymentPostprocessing = 0;
		};
		F282F8E418415B9E00D53D96 /* Sources */ = {
			isa = PBXSourcesBuildPhase;
			buildActionMask = 2147483647;
			files = (
				F282F99C1841666700D53D96 /* main.m in Sources */,
				F282F9961841665A00D53D96 /* ALAppDelegate.m in Sources */,
			);
			runOnlyForDeploymentPostprocessing = 0;
		};
		F282F9B4184169CB00D53D96 /* Sources */ = {
			isa = PBXSourcesBuildPhase;
			buildActionMask = 2147483647;
			files = (
				F282F9C1184169CB00D53D96 /* main.m in Sources */,
				F282F9C8184169CB00D53D96 /* ALAppDelegate.m in Sources */,
			);
			runOnlyForDeploymentPostprocessing = 0;
		};
		F282F9F918417AD400D53D96 /* Sources */ = {
			isa = PBXSourcesBuildPhase;
			buildActionMask = 2147483647;
			files = (
				F282FA0618417AD400D53D96 /* main.m in Sources */,
				F282FA0D18417AD400D53D96 /* ALAppDelegate.m in Sources */,
			);
			runOnlyForDeploymentPostprocessing = 0;
		};
		F282FA341841806200D53D96 /* Sources */ = {
			isa = PBXSourcesBuildPhase;
			buildActionMask = 2147483647;
			files = (
				F282FA411841806200D53D96 /* main.m in Sources */,
				F282FA481841806200D53D96 /* ALAppDelegate.m in Sources */,
			);
			runOnlyForDeploymentPostprocessing = 0;
		};
/* End PBXSourcesBuildPhase section */

/* Begin PBXVariantGroup section */
		F278DE5A1842D5D900FAE456 /* InfoPlist.strings */ = {
			isa = PBXVariantGroup;
			children = (
				F278DE5B1842D5D900FAE456 /* en */,
			);
			name = InfoPlist.strings;
			sourceTree = "<group>";
		};
		F278DE601842D5D900FAE456 /* Credits.rtf */ = {
			isa = PBXVariantGroup;
			children = (
				F278DE611842D5D900FAE456 /* en */,
			);
			name = Credits.rtf;
			sourceTree = "<group>";
		};
		F278DE661842D5D900FAE456 /* MainMenu.xib */ = {
			isa = PBXVariantGroup;
			children = (
				F278DE671842D5D900FAE456 /* Base */,
			);
			name = MainMenu.xib;
			sourceTree = "<group>";
		};
		F278DE971843AA8500FAE456 /* InfoPlist.strings */ = {
			isa = PBXVariantGroup;
			children = (
				F278DE981843AA8500FAE456 /* en */,
			);
			name = InfoPlist.strings;
			sourceTree = "<group>";
		};
		F278DE9D1843AA8500FAE456 /* Credits.rtf */ = {
			isa = PBXVariantGroup;
			children = (
				F278DE9E1843AA8500FAE456 /* en */,
			);
			name = Credits.rtf;
			sourceTree = "<group>";
		};
		F278DEA31843AA8500FAE456 /* MainMenu.xib */ = {
			isa = PBXVariantGroup;
			children = (
				F278DEA41843AA8500FAE456 /* Base */,
			);
			name = MainMenu.xib;
			sourceTree = "<group>";
		};
		F278DED21843DCA300FAE456 /* InfoPlist.strings */ = {
			isa = PBXVariantGroup;
			children = (
				F278DED31843DCA300FAE456 /* en */,
			);
			name = InfoPlist.strings;
			sourceTree = "<group>";
		};
		F278DED81843DCA300FAE456 /* Credits.rtf */ = {
			isa = PBXVariantGroup;
			children = (
				F278DED91843DCA300FAE456 /* en */,
			);
			name = Credits.rtf;
			sourceTree = "<group>";
		};
		F278DEDE1843DCA300FAE456 /* MainMenu.xib */ = {
			isa = PBXVariantGroup;
			children = (
				F278DEDF1843DCA300FAE456 /* Base */,
			);
			name = MainMenu.xib;
			sourceTree = "<group>";
		};
		F278DF0D1844157300FAE456 /* InfoPlist.strings */ = {
			isa = PBXVariantGroup;
			children = (
				F278DF0E1844157300FAE456 /* en */,
			);
			name = InfoPlist.strings;
			sourceTree = "<group>";
		};
		F278DF131844157300FAE456 /* Credits.rtf */ = {
			isa = PBXVariantGroup;
			children = (
				F278DF141844157300FAE456 /* en */,
			);
			name = Credits.rtf;
			sourceTree = "<group>";
		};
		F278DF191844157300FAE456 /* MainMenu.xib */ = {
			isa = PBXVariantGroup;
			children = (
				F278DF1A1844157300FAE456 /* Base */,
			);
			name = MainMenu.xib;
			sourceTree = "<group>";
		};
		F282F99D1841667000D53D96 /* MainMenu.xib */ = {
			isa = PBXVariantGroup;
			children = (
				F282F99E1841667000D53D96 /* Base */,
			);
			name = MainMenu.xib;
			sourceTree = "<group>";
		};
		F282F9BD184169CB00D53D96 /* InfoPlist.strings */ = {
			isa = PBXVariantGroup;
			children = (
				F282F9BE184169CB00D53D96 /* en */,
			);
			name = InfoPlist.strings;
			sourceTree = "<group>";
		};
		F282F9C3184169CB00D53D96 /* Credits.rtf */ = {
			isa = PBXVariantGroup;
			children = (
				F282F9C4184169CB00D53D96 /* en */,
			);
			name = Credits.rtf;
			sourceTree = "<group>";
		};
		F282F9C9184169CB00D53D96 /* MainMenu.xib */ = {
			isa = PBXVariantGroup;
			children = (
				F282F9CA184169CB00D53D96 /* Base */,
			);
			name = MainMenu.xib;
			sourceTree = "<group>";
		};
		F282FA0218417AD400D53D96 /* InfoPlist.strings */ = {
			isa = PBXVariantGroup;
			children = (
				F282FA0318417AD400D53D96 /* en */,
			);
			name = InfoPlist.strings;
			sourceTree = "<group>";
		};
		F282FA0818417AD400D53D96 /* Credits.rtf */ = {
			isa = PBXVariantGroup;
			children = (
				F282FA0918417AD400D53D96 /* en */,
			);
			name = Credits.rtf;
			sourceTree = "<group>";
		};
		F282FA0E18417AD400D53D96 /* MainMenu.xib */ = {
			isa = PBXVariantGroup;
			children = (
				F282FA0F18417AD400D53D96 /* Base */,
			);
			name = MainMenu.xib;
			sourceTree = "<group>";
		};
		F282FA3D1841806200D53D96 /* InfoPlist.strings */ = {
			isa = PBXVariantGroup;
			children = (
				F282FA3E1841806200D53D96 /* en */,
			);
			name = InfoPlist.strings;
			sourceTree = "<group>";
		};
		F282FA431841806200D53D96 /* Credits.rtf */ = {
			isa = PBXVariantGroup;
			children = (
				F282FA441841806200D53D96 /* en */,
			);
			name = Credits.rtf;
			sourceTree = "<group>";
		};
		F282FA491841806200D53D96 /* MainMenu.xib */ = {
			isa = PBXVariantGroup;
			children = (
				F282FA4A1841806200D53D96 /* Base */,
			);
			name = MainMenu.xib;
			sourceTree = "<group>";
		};
/* End PBXVariantGroup section */

/* Begin XCBuildConfiguration section */
		F278DE7C1842D5D900FAE456 /* Debug */ = {
			isa = XCBuildConfiguration;
			buildSettings = {
				ASSETCATALOG_COMPILER_APPICON_NAME = AppIcon;
				COMBINE_HIDPI_IMAGES = YES;
				FRAMEWORK_SEARCH_PATHS = (
					"$(inherited)",
					"/Users/tkozak/Work/OSource/addlive-osx-sdk-tutorials/AddLive\\ OSX\\ Tutorials",
					"/Users/tkozak/Work/OSource/addlive/addlive-osx-sdk-tutorials/AddLive\\ OSX\\ Tutorials",
				);
				GCC_PRECOMPILE_PREFIX_HEADER = YES;
				GCC_PREFIX_HEADER = "Tutorial5/Tutorial5-Prefix.pch";
				GCC_PREPROCESSOR_DEFINITIONS = (
					"DEBUG=1",
					"$(inherited)",
				);
				INFOPLIST_FILE = "Tutorial5/Tutorial5-Info.plist";
				PRODUCT_NAME = "$(TARGET_NAME)";
				WRAPPER_EXTENSION = app;
			};
			name = Debug;
		};
		F278DE7D1842D5D900FAE456 /* Release */ = {
			isa = XCBuildConfiguration;
			buildSettings = {
				ASSETCATALOG_COMPILER_APPICON_NAME = AppIcon;
				COMBINE_HIDPI_IMAGES = YES;
				FRAMEWORK_SEARCH_PATHS = (
					"$(inherited)",
					"/Users/tkozak/Work/OSource/addlive-osx-sdk-tutorials/AddLive\\ OSX\\ Tutorials",
					"/Users/tkozak/Work/OSource/addlive/addlive-osx-sdk-tutorials/AddLive\\ OSX\\ Tutorials",
				);
				GCC_PRECOMPILE_PREFIX_HEADER = YES;
				GCC_PREFIX_HEADER = "Tutorial5/Tutorial5-Prefix.pch";
				INFOPLIST_FILE = "Tutorial5/Tutorial5-Info.plist";
				PRODUCT_NAME = "$(TARGET_NAME)";
				WRAPPER_EXTENSION = app;
			};
			name = Release;
		};
		F278DEBA1843AA8500FAE456 /* Debug */ = {
			isa = XCBuildConfiguration;
			buildSettings = {
				ASSETCATALOG_COMPILER_APPICON_NAME = AppIcon;
				COMBINE_HIDPI_IMAGES = YES;
				FRAMEWORK_SEARCH_PATHS = (
					"$(inherited)",
					"/Users/tkozak/Work/OSource/addlive-osx-sdk-tutorials/AddLive\\ OSX\\ Tutorials",
					"/Users/tkozak/Work/OSource/addlive/addlive-osx-sdk-tutorials/AddLive\\ OSX\\ Tutorials",
				);
				GCC_PRECOMPILE_PREFIX_HEADER = YES;
				GCC_PREFIX_HEADER = "Tutorial6/Tutorial6-Prefix.pch";
				GCC_PREPROCESSOR_DEFINITIONS = (
					"DEBUG=1",
					"$(inherited)",
				);
				INFOPLIST_FILE = "Tutorial6/Tutorial6-Info.plist";
				PRODUCT_NAME = "$(TARGET_NAME)";
				WRAPPER_EXTENSION = app;
			};
			name = Debug;
		};
		F278DEBB1843AA8500FAE456 /* Release */ = {
			isa = XCBuildConfiguration;
			buildSettings = {
				ASSETCATALOG_COMPILER_APPICON_NAME = AppIcon;
				COMBINE_HIDPI_IMAGES = YES;
				FRAMEWORK_SEARCH_PATHS = (
					"$(inherited)",
					"/Users/tkozak/Work/OSource/addlive-osx-sdk-tutorials/AddLive\\ OSX\\ Tutorials",
					"/Users/tkozak/Work/OSource/addlive/addlive-osx-sdk-tutorials/AddLive\\ OSX\\ Tutorials",
				);
				GCC_PRECOMPILE_PREFIX_HEADER = YES;
				GCC_PREFIX_HEADER = "Tutorial6/Tutorial6-Prefix.pch";
				INFOPLIST_FILE = "Tutorial6/Tutorial6-Info.plist";
				PRODUCT_NAME = "$(TARGET_NAME)";
				WRAPPER_EXTENSION = app;
			};
			name = Release;
		};
		F278DEF51843DCA400FAE456 /* Debug */ = {
			isa = XCBuildConfiguration;
			buildSettings = {
				ASSETCATALOG_COMPILER_APPICON_NAME = AppIcon;
				COMBINE_HIDPI_IMAGES = YES;
				FRAMEWORK_SEARCH_PATHS = (
					"$(inherited)",
					"/Users/tkozak/Work/OSource/addlive-osx-sdk-tutorials/AddLive\\ OSX\\ Tutorials",
					"/Users/tkozak/Work/OSource/addlive/addlive-osx-sdk-tutorials/AddLive\\ OSX\\ Tutorials",
				);
				GCC_PRECOMPILE_PREFIX_HEADER = YES;
				GCC_PREFIX_HEADER = "Tutorial7/Tutorial7-Prefix.pch";
				GCC_PREPROCESSOR_DEFINITIONS = (
					"DEBUG=1",
					"$(inherited)",
				);
				INFOPLIST_FILE = "Tutorial7/Tutorial7-Info.plist";
				PRODUCT_NAME = "$(TARGET_NAME)";
				WRAPPER_EXTENSION = app;
			};
			name = Debug;
		};
		F278DEF61843DCA400FAE456 /* Release */ = {
			isa = XCBuildConfiguration;
			buildSettings = {
				ASSETCATALOG_COMPILER_APPICON_NAME = AppIcon;
				COMBINE_HIDPI_IMAGES = YES;
				FRAMEWORK_SEARCH_PATHS = (
					"$(inherited)",
					"/Users/tkozak/Work/OSource/addlive-osx-sdk-tutorials/AddLive\\ OSX\\ Tutorials",
					"/Users/tkozak/Work/OSource/addlive/addlive-osx-sdk-tutorials/AddLive\\ OSX\\ Tutorials",
				);
				GCC_PRECOMPILE_PREFIX_HEADER = YES;
				GCC_PREFIX_HEADER = "Tutorial7/Tutorial7-Prefix.pch";
				INFOPLIST_FILE = "Tutorial7/Tutorial7-Info.plist";
				PRODUCT_NAME = "$(TARGET_NAME)";
				WRAPPER_EXTENSION = app;
			};
			name = Release;
		};
		F278DF301844157300FAE456 /* Debug */ = {
			isa = XCBuildConfiguration;
			buildSettings = {
				ASSETCATALOG_COMPILER_APPICON_NAME = AppIcon;
				COMBINE_HIDPI_IMAGES = YES;
				FRAMEWORK_SEARCH_PATHS = (
					"$(inherited)",
					"/Users/tkozak/Work/OSource/addlive-osx-sdk-tutorials/AddLive\\ OSX\\ Tutorials",
					"/Users/tkozak/Work/OSource/addlive/addlive-osx-sdk-tutorials/AddLive\\ OSX\\ Tutorials",
				);
				GCC_PRECOMPILE_PREFIX_HEADER = YES;
				GCC_PREFIX_HEADER = "Tutorial8/Tutorial8-Prefix.pch";
				GCC_PREPROCESSOR_DEFINITIONS = (
					"DEBUG=1",
					"$(inherited)",
				);
				INFOPLIST_FILE = "Tutorial8/Tutorial8-Info.plist";
				PRODUCT_NAME = "$(TARGET_NAME)";
				WRAPPER_EXTENSION = app;
			};
			name = Debug;
		};
		F278DF311844157300FAE456 /* Release */ = {
			isa = XCBuildConfiguration;
			buildSettings = {
				ASSETCATALOG_COMPILER_APPICON_NAME = AppIcon;
				COMBINE_HIDPI_IMAGES = YES;
				FRAMEWORK_SEARCH_PATHS = (
					"$(inherited)",
					"/Users/tkozak/Work/OSource/addlive-osx-sdk-tutorials/AddLive\\ OSX\\ Tutorials",
					"/Users/tkozak/Work/OSource/addlive/addlive-osx-sdk-tutorials/AddLive\\ OSX\\ Tutorials",
				);
				GCC_PRECOMPILE_PREFIX_HEADER = YES;
				GCC_PREFIX_HEADER = "Tutorial8/Tutorial8-Prefix.pch";
				INFOPLIST_FILE = "Tutorial8/Tutorial8-Info.plist";
				PRODUCT_NAME = "$(TARGET_NAME)";
				WRAPPER_EXTENSION = app;
			};
			name = Release;
		};
		F282F91718415B9E00D53D96 /* Debug */ = {
			isa = XCBuildConfiguration;
			buildSettings = {
				ALWAYS_SEARCH_USER_PATHS = NO;
				CLANG_CXX_LANGUAGE_STANDARD = "gnu++0x";
				CLANG_CXX_LIBRARY = "libc++";
				CLANG_ENABLE_OBJC_ARC = YES;
				CLANG_WARN_BOOL_CONVERSION = YES;
				CLANG_WARN_CONSTANT_CONVERSION = YES;
				CLANG_WARN_DIRECT_OBJC_ISA_USAGE = YES_ERROR;
				CLANG_WARN_EMPTY_BODY = YES;
				CLANG_WARN_ENUM_CONVERSION = YES;
				CLANG_WARN_INT_CONVERSION = YES;
				CLANG_WARN_OBJC_ROOT_CLASS = YES_ERROR;
				CLANG_WARN__DUPLICATE_METHOD_MATCH = YES;
				COPY_PHASE_STRIP = NO;
				GCC_C_LANGUAGE_STANDARD = gnu99;
				GCC_DYNAMIC_NO_PIC = NO;
				GCC_ENABLE_OBJC_EXCEPTIONS = YES;
				GCC_OPTIMIZATION_LEVEL = 0;
				GCC_PREPROCESSOR_DEFINITIONS = (
					"DEBUG=1",
					"$(inherited)",
				);
				GCC_SYMBOLS_PRIVATE_EXTERN = NO;
				GCC_WARN_64_TO_32_BIT_CONVERSION = YES;
				GCC_WARN_ABOUT_RETURN_TYPE = YES_ERROR;
				GCC_WARN_UNDECLARED_SELECTOR = YES;
				GCC_WARN_UNINITIALIZED_AUTOS = YES;
				GCC_WARN_UNUSED_FUNCTION = YES;
				GCC_WARN_UNUSED_VARIABLE = YES;
				MACOSX_DEPLOYMENT_TARGET = 10.9;
				ONLY_ACTIVE_ARCH = YES;
				SDKROOT = macosx;
			};
			name = Debug;
		};
		F282F91818415B9E00D53D96 /* Release */ = {
			isa = XCBuildConfiguration;
			buildSettings = {
				ALWAYS_SEARCH_USER_PATHS = NO;
				CLANG_CXX_LANGUAGE_STANDARD = "gnu++0x";
				CLANG_CXX_LIBRARY = "libc++";
				CLANG_ENABLE_OBJC_ARC = YES;
				CLANG_WARN_BOOL_CONVERSION = YES;
				CLANG_WARN_CONSTANT_CONVERSION = YES;
				CLANG_WARN_DIRECT_OBJC_ISA_USAGE = YES_ERROR;
				CLANG_WARN_EMPTY_BODY = YES;
				CLANG_WARN_ENUM_CONVERSION = YES;
				CLANG_WARN_INT_CONVERSION = YES;
				CLANG_WARN_OBJC_ROOT_CLASS = YES_ERROR;
				CLANG_WARN__DUPLICATE_METHOD_MATCH = YES;
				COPY_PHASE_STRIP = YES;
				DEBUG_INFORMATION_FORMAT = "dwarf-with-dsym";
				ENABLE_NS_ASSERTIONS = NO;
				GCC_C_LANGUAGE_STANDARD = gnu99;
				GCC_ENABLE_OBJC_EXCEPTIONS = YES;
				GCC_WARN_64_TO_32_BIT_CONVERSION = YES;
				GCC_WARN_ABOUT_RETURN_TYPE = YES_ERROR;
				GCC_WARN_UNDECLARED_SELECTOR = YES;
				GCC_WARN_UNINITIALIZED_AUTOS = YES;
				GCC_WARN_UNUSED_FUNCTION = YES;
				GCC_WARN_UNUSED_VARIABLE = YES;
				MACOSX_DEPLOYMENT_TARGET = 10.9;
				SDKROOT = macosx;
			};
			name = Release;
		};
		F282F91A18415B9E00D53D96 /* Debug */ = {
			isa = XCBuildConfiguration;
			buildSettings = {
				ASSETCATALOG_COMPILER_APPICON_NAME = AppIcon;
				COMBINE_HIDPI_IMAGES = YES;
				FRAMEWORK_SEARCH_PATHS = (
					"$(inherited)",
					"/Users/tkozak/Work/OSource/addlive-osx-sdk-tutorials/___ALSample",
					"/Users/tkozak/Work/OSource/addlive-osx-sdk-tutorials/AddLive\\ OSX\\ Tutorials",
					"/Users/tkozak/Work/OSource/addlive/addlive-osx-sdk-tutorials/AddLive\\ OSX\\ Tutorials",
				);
				GCC_PRECOMPILE_PREFIX_HEADER = YES;
				GCC_PREFIX_HEADER = Tutorial1/Tutorial1.pch;
				INFOPLIST_FILE = "$(SRCROOT)/Tutorial1/Tutorial1.plist";
				PRODUCT_NAME = "$(TARGET_NAME)";
				WRAPPER_EXTENSION = app;
			};
			name = Debug;
		};
		F282F91B18415B9E00D53D96 /* Release */ = {
			isa = XCBuildConfiguration;
			buildSettings = {
				ASSETCATALOG_COMPILER_APPICON_NAME = AppIcon;
				COMBINE_HIDPI_IMAGES = YES;
				FRAMEWORK_SEARCH_PATHS = (
					"$(inherited)",
					"/Users/tkozak/Work/OSource/addlive-osx-sdk-tutorials/___ALSample",
					"/Users/tkozak/Work/OSource/addlive-osx-sdk-tutorials/AddLive\\ OSX\\ Tutorials",
					"/Users/tkozak/Work/OSource/addlive/addlive-osx-sdk-tutorials/AddLive\\ OSX\\ Tutorials",
				);
				GCC_PRECOMPILE_PREFIX_HEADER = YES;
				GCC_PREFIX_HEADER = Tutorial1/Tutorial1.pch;
				INFOPLIST_FILE = "$(SRCROOT)/Tutorial1/Tutorial1.plist";
				PRODUCT_NAME = "$(TARGET_NAME)";
				WRAPPER_EXTENSION = app;
			};
			name = Release;
		};
		F282F9E0184169CC00D53D96 /* Debug */ = {
			isa = XCBuildConfiguration;
			buildSettings = {
				ASSETCATALOG_COMPILER_APPICON_NAME = AppIcon;
				COMBINE_HIDPI_IMAGES = YES;
				FRAMEWORK_SEARCH_PATHS = (
					"$(inherited)",
					"/Users/tkozak/Work/OSource/addlive-osx-sdk-tutorials/AddLive\\ OSX\\ Tutorials",
					"/Users/tkozak/Work/OSource/addlive/addlive-osx-sdk-tutorials/AddLive\\ OSX\\ Tutorials",
				);
				GCC_PRECOMPILE_PREFIX_HEADER = YES;
				GCC_PREFIX_HEADER = "Tutorial2/Tutorial2-Prefix.pch";
				GCC_PREPROCESSOR_DEFINITIONS = (
					"DEBUG=1",
					"$(inherited)",
				);
				INFOPLIST_FILE = "Tutorial2/Tutorial2-Info.plist";
				PRODUCT_NAME = "$(TARGET_NAME)";
				WRAPPER_EXTENSION = app;
			};
			name = Debug;
		};
		F282F9E1184169CC00D53D96 /* Release */ = {
			isa = XCBuildConfiguration;
			buildSettings = {
				ASSETCATALOG_COMPILER_APPICON_NAME = AppIcon;
				COMBINE_HIDPI_IMAGES = YES;
				FRAMEWORK_SEARCH_PATHS = (
					"$(inherited)",
					"/Users/tkozak/Work/OSource/addlive-osx-sdk-tutorials/AddLive\\ OSX\\ Tutorials",
					"/Users/tkozak/Work/OSource/addlive/addlive-osx-sdk-tutorials/AddLive\\ OSX\\ Tutorials",
				);
				GCC_PRECOMPILE_PREFIX_HEADER = YES;
				GCC_PREFIX_HEADER = "Tutorial2/Tutorial2-Prefix.pch";
				INFOPLIST_FILE = "Tutorial2/Tutorial2-Info.plist";
				PRODUCT_NAME = "$(TARGET_NAME)";
				WRAPPER_EXTENSION = app;
			};
			name = Release;
		};
		F282FA2518417AD500D53D96 /* Debug */ = {
			isa = XCBuildConfiguration;
			buildSettings = {
				ASSETCATALOG_COMPILER_APPICON_NAME = AppIcon;
				COMBINE_HIDPI_IMAGES = YES;
				FRAMEWORK_SEARCH_PATHS = (
					"$(inherited)",
					"/Users/tkozak/Work/OSource/addlive-osx-sdk-tutorials/AddLive\\ OSX\\ Tutorials",
					"/Users/tkozak/Work/OSource/addlive/addlive-osx-sdk-tutorials/AddLive\\ OSX\\ Tutorials",
				);
				GCC_PRECOMPILE_PREFIX_HEADER = YES;
				GCC_PREFIX_HEADER = "Tutorial3/Tutorial3-Prefix.pch";
				GCC_PREPROCESSOR_DEFINITIONS = (
					"DEBUG=1",
					"$(inherited)",
				);
				INFOPLIST_FILE = "Tutorial3/Tutorial3-Info.plist";
				PRODUCT_NAME = "$(TARGET_NAME)";
				WRAPPER_EXTENSION = app;
			};
			name = Debug;
		};
		F282FA2618417AD500D53D96 /* Release */ = {
			isa = XCBuildConfiguration;
			buildSettings = {
				ASSETCATALOG_COMPILER_APPICON_NAME = AppIcon;
				COMBINE_HIDPI_IMAGES = YES;
				FRAMEWORK_SEARCH_PATHS = (
					"$(inherited)",
					"/Users/tkozak/Work/OSource/addlive-osx-sdk-tutorials/AddLive\\ OSX\\ Tutorials",
					"/Users/tkozak/Work/OSource/addlive/addlive-osx-sdk-tutorials/AddLive\\ OSX\\ Tutorials",
				);
				GCC_PRECOMPILE_PREFIX_HEADER = YES;
				GCC_PREFIX_HEADER = "Tutorial3/Tutorial3-Prefix.pch";
				INFOPLIST_FILE = "Tutorial3/Tutorial3-Info.plist";
				PRODUCT_NAME = "$(TARGET_NAME)";
				WRAPPER_EXTENSION = app;
			};
			name = Release;
		};
		F282FA601841806200D53D96 /* Debug */ = {
			isa = XCBuildConfiguration;
			buildSettings = {
				ASSETCATALOG_COMPILER_APPICON_NAME = AppIcon;
				COMBINE_HIDPI_IMAGES = YES;
				FRAMEWORK_SEARCH_PATHS = (
					"$(inherited)",
					"/Users/tkozak/Work/OSource/addlive-osx-sdk-tutorials/AddLive\\ OSX\\ Tutorials",
					"/Users/tkozak/Work/OSource/addlive/addlive-osx-sdk-tutorials/AddLive\\ OSX\\ Tutorials",
				);
				GCC_PRECOMPILE_PREFIX_HEADER = YES;
				GCC_PREFIX_HEADER = "Tutorial4/Tutorial4-Prefix.pch";
				GCC_PREPROCESSOR_DEFINITIONS = (
					"DEBUG=1",
					"$(inherited)",
				);
				INFOPLIST_FILE = "Tutorial4/Tutorial4-Info.plist";
				PRODUCT_NAME = "$(TARGET_NAME)";
				WRAPPER_EXTENSION = app;
			};
			name = Debug;
		};
		F282FA611841806200D53D96 /* Release */ = {
			isa = XCBuildConfiguration;
			buildSettings = {
				ASSETCATALOG_COMPILER_APPICON_NAME = AppIcon;
				COMBINE_HIDPI_IMAGES = YES;
				FRAMEWORK_SEARCH_PATHS = (
					"$(inherited)",
					"/Users/tkozak/Work/OSource/addlive-osx-sdk-tutorials/AddLive\\ OSX\\ Tutorials",
					"/Users/tkozak/Work/OSource/addlive/addlive-osx-sdk-tutorials/AddLive\\ OSX\\ Tutorials",
				);
				GCC_PRECOMPILE_PREFIX_HEADER = YES;
				GCC_PREFIX_HEADER = "Tutorial4/Tutorial4-Prefix.pch";
				INFOPLIST_FILE = "Tutorial4/Tutorial4-Info.plist";
				PRODUCT_NAME = "$(TARGET_NAME)";
				WRAPPER_EXTENSION = app;
			};
			name = Release;
		};
/* End XCBuildConfiguration section */

/* Begin XCConfigurationList section */
		F278DE801842D5D900FAE456 /* Build configuration list for PBXNativeTarget "Tutorial5" */ = {
			isa = XCConfigurationList;
			buildConfigurations = (
				F278DE7C1842D5D900FAE456 /* Debug */,
				F278DE7D1842D5D900FAE456 /* Release */,
			);
			defaultConfigurationIsVisible = 0;
			defaultConfigurationName = Release;
		};
		F278DEB91843AA8500FAE456 /* Build configuration list for PBXNativeTarget "Tutorial6" */ = {
			isa = XCConfigurationList;
			buildConfigurations = (
				F278DEBA1843AA8500FAE456 /* Debug */,
				F278DEBB1843AA8500FAE456 /* Release */,
			);
			defaultConfigurationIsVisible = 0;
			defaultConfigurationName = Release;
		};
		F278DEF41843DCA400FAE456 /* Build configuration list for PBXNativeTarget "Tutorial7" */ = {
			isa = XCConfigurationList;
			buildConfigurations = (
				F278DEF51843DCA400FAE456 /* Debug */,
				F278DEF61843DCA400FAE456 /* Release */,
			);
			defaultConfigurationIsVisible = 0;
			defaultConfigurationName = Release;
		};
		F278DF2F1844157300FAE456 /* Build configuration list for PBXNativeTarget "Tutorial8" */ = {
			isa = XCConfigurationList;
			buildConfigurations = (
				F278DF301844157300FAE456 /* Debug */,
				F278DF311844157300FAE456 /* Release */,
			);
			defaultConfigurationIsVisible = 0;
			defaultConfigurationName = Release;
		};
		F282F8E318415B9E00D53D96 /* Build configuration list for PBXProject "AddLive OSX Tutorials" */ = {
			isa = XCConfigurationList;
			buildConfigurations = (
				F282F91718415B9E00D53D96 /* Debug */,
				F282F91818415B9E00D53D96 /* Release */,
			);
			defaultConfigurationIsVisible = 0;
			defaultConfigurationName = Release;
		};
		F282F91918415B9E00D53D96 /* Build configuration list for PBXNativeTarget "Tutorial1" */ = {
			isa = XCConfigurationList;
			buildConfigurations = (
				F282F91A18415B9E00D53D96 /* Debug */,
				F282F91B18415B9E00D53D96 /* Release */,
			);
			defaultConfigurationIsVisible = 0;
			defaultConfigurationName = Release;
		};
		F282F9DF184169CC00D53D96 /* Build configuration list for PBXNativeTarget "Tutorial2" */ = {
			isa = XCConfigurationList;
			buildConfigurations = (
				F282F9E0184169CC00D53D96 /* Debug */,
				F282F9E1184169CC00D53D96 /* Release */,
			);
			defaultConfigurationIsVisible = 0;
			defaultConfigurationName = Release;
		};
		F282FA2418417AD500D53D96 /* Build configuration list for PBXNativeTarget "Tutorial3" */ = {
			isa = XCConfigurationList;
			buildConfigurations = (
				F282FA2518417AD500D53D96 /* Debug */,
				F282FA2618417AD500D53D96 /* Release */,
			);
			defaultConfigurationIsVisible = 0;
			defaultConfigurationName = Release;
		};
		F282FA5F1841806200D53D96 /* Build configuration list for PBXNativeTarget "Tutorial4" */ = {
			isa = XCConfigurationList;
			buildConfigurations = (
				F282FA601841806200D53D96 /* Debug */,
				F282FA611841806200D53D96 /* Release */,
			);
			defaultConfigurationIsVisible = 0;
			defaultConfigurationName = Release;
		};
/* End XCConfigurationList section */
	};
	rootObject = F282F8E018415B9E00D53D96 /* Project object */;
}
